// !$*UTF8*$!
{
	archiveVersion = 1;
	classes = {
	};
	objectVersion = 46;
	objects = {

/* Begin PBXBuildFile section */
		823FE45A1E4C94FE008E8CB0 /* UIImage+GROperation.m in Sources */ = {isa = PBXBuildFile; fileRef = 823FE4591E4C94FE008E8CB0 /* UIImage+GROperation.m */; };
		823FE4601E4D6617008E8CB0 /* GRNavigationController.m in Sources */ = {isa = PBXBuildFile; fileRef = 823FE45F1E4D6617008E8CB0 /* GRNavigationController.m */; };
		823FE4631E4D850F008E8CB0 /* UIView+GRShortcut.m in Sources */ = {isa = PBXBuildFile; fileRef = 823FE4621E4D850F008E8CB0 /* UIView+GRShortcut.m */; };
		823FE4661E4D911E008E8CB0 /* Assets.xcassets in Resources */ = {isa = PBXBuildFile; fileRef = 823FE4651E4D911E008E8CB0 /* Assets.xcassets */; };
		823FE46A1E4D9A1D008E8CB0 /* GRLoginViewController.m in Sources */ = {isa = PBXBuildFile; fileRef = 823FE4681E4D9A1D008E8CB0 /* GRLoginViewController.m */; };
		823FE46B1E4D9A1D008E8CB0 /* GRLoginViewController.xib in Resources */ = {isa = PBXBuildFile; fileRef = 823FE4691E4D9A1D008E8CB0 /* GRLoginViewController.xib */; };
		823FE46E1E4DC7E7008E8CB0 /* GRLoginResponse.m in Sources */ = {isa = PBXBuildFile; fileRef = 823FE46D1E4DC7E7008E8CB0 /* GRLoginResponse.m */; };
		82AF89811E48418800676D29 /* main.m in Sources */ = {isa = PBXBuildFile; fileRef = 82AF897F1E48418800676D29 /* main.m */; };
		82AF89971E48457F00676D29 /* GRAppDelegate.m in Sources */ = {isa = PBXBuildFile; fileRef = 82AF89961E48457F00676D29 /* GRAppDelegate.m */; };
		82AF89AB1E49765300676D29 /* GRNetRequestObject.m in Sources */ = {isa = PBXBuildFile; fileRef = 82AF89AA1E49765300676D29 /* GRNetRequestObject.m */; };
		82AF89AE1E498F6600676D29 /* GRHTTPManager.m in Sources */ = {isa = PBXBuildFile; fileRef = 82AF89AD1E498F6600676D29 /* GRHTTPManager.m */; };
		82AF89B21E49DA1600676D29 /* GRModel.m in Sources */ = {isa = PBXBuildFile; fileRef = 82AF89B11E49DA1600676D29 /* GRModel.m */; };
		82AF89B51E4AC38200676D29 /* GRListTypeModel.m in Sources */ = {isa = PBXBuildFile; fileRef = 82AF89B41E4AC38200676D29 /* GRListTypeModel.m */; };
		82AF89BE1E4AE7BD00676D29 /* GRAppStyle.m in Sources */ = {isa = PBXBuildFile; fileRef = 82AF89BD1E4AE7BD00676D29 /* GRAppStyle.m */; };
		82AF89C51E4AF0C900676D29 /* GRShopList.m in Sources */ = {isa = PBXBuildFile; fileRef = 82AF89C41E4AF0C900676D29 /* GRShopList.m */; };
		82AF89C81E4AF51C00676D29 /* GRShopListRequest.m in Sources */ = {isa = PBXBuildFile; fileRef = 82AF89C71E4AF51C00676D29 /* GRShopListRequest.m */; };
		82AF89D11E4B2FA100676D29 /* GRViewController.m in Sources */ = {isa = PBXBuildFile; fileRef = 82AF89D01E4B2FA100676D29 /* GRViewController.m */; };
		82AF89D51E4B3F5200676D29 /* NSString+GRCommen.m in Sources */ = {isa = PBXBuildFile; fileRef = 82AF89D41E4B3F5200676D29 /* NSString+GRCommen.m */; };
		82AF89E31E4C542000676D29 /* GRWebViewController.m in Sources */ = {isa = PBXBuildFile; fileRef = 82AF89E11E4C542000676D29 /* GRWebViewController.m */; };
		82AF89E41E4C542000676D29 /* GRWebViewController.xib in Resources */ = {isa = PBXBuildFile; fileRef = 82AF89E21E4C542000676D29 /* GRWebViewController.xib */; };
		9C1507F11E5085F3007C2B8F /* GRRegisterViewController.m in Sources */ = {isa = PBXBuildFile; fileRef = 9C1507EF1E5085F3007C2B8F /* GRRegisterViewController.m */; };
		9C1507F21E5085F3007C2B8F /* GRRegisterViewController.xib in Resources */ = {isa = PBXBuildFile; fileRef = 9C1507F01E5085F3007C2B8F /* GRRegisterViewController.xib */; };
		9C1507F51E515905007C2B8F /* GRLoginRequest.m in Sources */ = {isa = PBXBuildFile; fileRef = 9C1507F41E515905007C2B8F /* GRLoginRequest.m */; };
		9C1BE93F1E8B8F37007F5733 /* GRMenuCategoryCell.m in Sources */ = {isa = PBXBuildFile; fileRef = 9C1BE93B1E8B8F37007F5733 /* GRMenuCategoryCell.m */; };
		9C1BE9401E8B8F37007F5733 /* GRMenuCategoryCell.xib in Resources */ = {isa = PBXBuildFile; fileRef = 9C1BE93C1E8B8F37007F5733 /* GRMenuCategoryCell.xib */; };
		9C1BE9411E8B8F37007F5733 /* GRMenuMainView.m in Sources */ = {isa = PBXBuildFile; fileRef = 9C1BE93E1E8B8F37007F5733 /* GRMenuMainView.m */; };
		9C1BE9451E8B923F007F5733 /* GRMenuDetailCell.m in Sources */ = {isa = PBXBuildFile; fileRef = 9C1BE9431E8B923F007F5733 /* GRMenuDetailCell.m */; };
		9C1BE9461E8B923F007F5733 /* GRMenuDetailCell.xib in Resources */ = {isa = PBXBuildFile; fileRef = 9C1BE9441E8B923F007F5733 /* GRMenuDetailCell.xib */; };
		9C2748F51EBD64620022ABCC /* GRChangePasswordController.m in Sources */ = {isa = PBXBuildFile; fileRef = 9C2748F31EBD64620022ABCC /* GRChangePasswordController.m */; };
		9C2748F61EBD64620022ABCC /* GRChangePasswordController.xib in Resources */ = {isa = PBXBuildFile; fileRef = 9C2748F41EBD64620022ABCC /* GRChangePasswordController.xib */; };
		9C2748F91EBD7C7A0022ABCC /* GRChangePasswordRequest.m in Sources */ = {isa = PBXBuildFile; fileRef = 9C2748F81EBD7C7A0022ABCC /* GRChangePasswordRequest.m */; };
		9C2748FC1EBDD3470022ABCC /* GRSchoolNoticeView.m in Sources */ = {isa = PBXBuildFile; fileRef = 9C2748FB1EBDD3470022ABCC /* GRSchoolNoticeView.m */; };
		9C2749011EBDD9F10022ABCC /* GRSchoolNoticeRequest.m in Sources */ = {isa = PBXBuildFile; fileRef = 9C2749001EBDD9F10022ABCC /* GRSchoolNoticeRequest.m */; };
		9C2749051EBDEDB70022ABCC /* GRSettingViewController.m in Sources */ = {isa = PBXBuildFile; fileRef = 9C2749031EBDEDB70022ABCC /* GRSettingViewController.m */; };
		9C2749061EBDEDB70022ABCC /* GRSettingViewController.xib in Resources */ = {isa = PBXBuildFile; fileRef = 9C2749041EBDEDB70022ABCC /* GRSettingViewController.xib */; };
		9C27490A1EBEAEB90022ABCC /* GRAppInfoViewController.m in Sources */ = {isa = PBXBuildFile; fileRef = 9C2749081EBEAEB90022ABCC /* GRAppInfoViewController.m */; };
		9C27490B1EBEAEB90022ABCC /* GRAppInfoViewController.xib in Resources */ = {isa = PBXBuildFile; fileRef = 9C2749091EBEAEB90022ABCC /* GRAppInfoViewController.xib */; };
		9C27490F1EBECFD60022ABCC /* GRFindMoreViewController.m in Sources */ = {isa = PBXBuildFile; fileRef = 9C27490D1EBECFD60022ABCC /* GRFindMoreViewController.m */; };
		9C2749101EBECFD60022ABCC /* GRFindMoreViewController.xib in Resources */ = {isa = PBXBuildFile; fileRef = 9C27490E1EBECFD60022ABCC /* GRFindMoreViewController.xib */; };
		9C2749171EBED6730022ABCC /* GRJoinViewController.m in Sources */ = {isa = PBXBuildFile; fileRef = 9C2749151EBED6730022ABCC /* GRJoinViewController.m */; };
		9C2749181EBED6730022ABCC /* GRJoinViewController.xib in Resources */ = {isa = PBXBuildFile; fileRef = 9C2749161EBED6730022ABCC /* GRJoinViewController.xib */; };
		9C2C3FAF1E978CCA003E77E5 /* GRPlaceOrderRequest.m in Sources */ = {isa = PBXBuildFile; fileRef = 9C2C3FAE1E978CCA003E77E5 /* GRPlaceOrderRequest.m */; };
		9C2C3FB21E97AB5B003E77E5 /* MBProgressHUD+GRShow.m in Sources */ = {isa = PBXBuildFile; fileRef = 9C2C3FB11E97AB5B003E77E5 /* MBProgressHUD+GRShow.m */; };
		9C2CC6941EBC0C80001E2F31 /* GRUserInfoData.m in Sources */ = {isa = PBXBuildFile; fileRef = 9C2CC6931EBC0C80001E2F31 /* GRUserInfoData.m */; };
		9C2CC6971EBC1375001E2F31 /* GRUserInfoRequest.m in Sources */ = {isa = PBXBuildFile; fileRef = 9C2CC6961EBC1375001E2F31 /* GRUserInfoRequest.m */; };
		9C44D4461E8CAA2900F85757 /* GRShopRatingTable.m in Sources */ = {isa = PBXBuildFile; fileRef = 9C44D4451E8CAA2900F85757 /* GRShopRatingTable.m */; };
		9C44D4491E8CAC3100F85757 /* GRShopRatingListRequest.m in Sources */ = {isa = PBXBuildFile; fileRef = 9C44D4481E8CAC3100F85757 /* GRShopRatingListRequest.m */; };
		9C44D44C1E8CAD3300F85757 /* GRShopRatingList.m in Sources */ = {isa = PBXBuildFile; fileRef = 9C44D44B1E8CAD3300F85757 /* GRShopRatingList.m */; };
		9C44D4621E8CFBA000F85757 /* GRShopRatingLeftCell.m in Sources */ = {isa = PBXBuildFile; fileRef = 9C44D4601E8CFBA000F85757 /* GRShopRatingLeftCell.m */; };
		9C44D4631E8CFBA000F85757 /* GRShopRatingLeftCell.xib in Resources */ = {isa = PBXBuildFile; fileRef = 9C44D4611E8CFBA000F85757 /* GRShopRatingLeftCell.xib */; };
		9C44D4671E8CFD6300F85757 /* GRShopRatingRightCell.m in Sources */ = {isa = PBXBuildFile; fileRef = 9C44D4651E8CFD6300F85757 /* GRShopRatingRightCell.m */; };
		9C44D4681E8CFD6300F85757 /* GRShopRatingRightCell.xib in Resources */ = {isa = PBXBuildFile; fileRef = 9C44D4661E8CFD6300F85757 /* GRShopRatingRightCell.xib */; };
		9C44D46C1E8F82F600F85757 /* GRCashierdeskView.m in Sources */ = {isa = PBXBuildFile; fileRef = 9C44D46B1E8F82F600F85757 /* GRCashierdeskView.m */; };
		9C5384971E51D4BC004EDBCF /* GRRegisterRequest.m in Sources */ = {isa = PBXBuildFile; fileRef = 9C5384961E51D4BC004EDBCF /* GRRegisterRequest.m */; };
		9C53849F1E52F626004EDBCF /* GRUserManager.m in Sources */ = {isa = PBXBuildFile; fileRef = 9C53849E1E52F626004EDBCF /* GRUserManager.m */; };
		9C5384A21E52F914004EDBCF /* GRUser.m in Sources */ = {isa = PBXBuildFile; fileRef = 9C5384A11E52F914004EDBCF /* GRUser.m */; };
		9C8CF6CE1E83C5DE0030F54E /* GRMenuListRequest.m in Sources */ = {isa = PBXBuildFile; fileRef = 9C8CF6CD1E83C5DE0030F54E /* GRMenuListRequest.m */; };
		9C8CF6D11E83CC350030F54E /* GRMenuViewController.m in Sources */ = {isa = PBXBuildFile; fileRef = 9C8CF6D01E83CC350030F54E /* GRMenuViewController.m */; };
		9C8CF6D41E83D1AC0030F54E /* GRMenuHeadView.m in Sources */ = {isa = PBXBuildFile; fileRef = 9C8CF6D31E83D1AC0030F54E /* GRMenuHeadView.m */; };
		9CA98E441E9B2DF9008D603E /* UINavigationController+FDFullscreenPopGesture.m in Sources */ = {isa = PBXBuildFile; fileRef = 9CA98E431E9B2DF9008D603E /* UINavigationController+FDFullscreenPopGesture.m */; };
		9CA98E471E9B539D008D603E /* GRScrollView.m in Sources */ = {isa = PBXBuildFile; fileRef = 9CA98E461E9B539D008D603E /* GRScrollView.m */; };
		9CAAF56A1E6D0E8B00730810 /* GROrderListCell.m in Sources */ = {isa = PBXBuildFile; fileRef = 9CAAF5681E6D0E8B00730810 /* GROrderListCell.m */; };
		9CAAF56B1E6D0E8B00730810 /* GROrderListCell.xib in Resources */ = {isa = PBXBuildFile; fileRef = 9CAAF5691E6D0E8B00730810 /* GROrderListCell.xib */; };
		9CAAF5741E6E83C600730810 /* GROrderStatusLabel.m in Sources */ = {isa = PBXBuildFile; fileRef = 9CAAF5731E6E83C600730810 /* GROrderStatusLabel.m */; };
		9CAAF5771E6E8A0800730810 /* GROperateOrderBtn.m in Sources */ = {isa = PBXBuildFile; fileRef = 9CAAF5761E6E8A0800730810 /* GROperateOrderBtn.m */; };
		9CAAF57C1E6E930700730810 /* GRSegmentView.m in Sources */ = {isa = PBXBuildFile; fileRef = 9CAAF57B1E6E930700730810 /* GRSegmentView.m */; };
		9CAAF57F1E6E9E4B00730810 /* GROrderListTable.m in Sources */ = {isa = PBXBuildFile; fileRef = 9CAAF57E1E6E9E4B00730810 /* GROrderListTable.m */; };
		9CAAF5821E6ED1F700730810 /* GRSegmentHeadView.m in Sources */ = {isa = PBXBuildFile; fileRef = 9CAAF5811E6ED1F700730810 /* GRSegmentHeadView.m */; };
		9CAAF5851E6F048E00730810 /* GROrderListViewController.m in Sources */ = {isa = PBXBuildFile; fileRef = 9CAAF5841E6F048E00730810 /* GROrderListViewController.m */; };
		9CB92AB61E5D67AD00650CC5 /* GRShopListCell.m in Sources */ = {isa = PBXBuildFile; fileRef = 9CB92AB41E5D67AD00650CC5 /* GRShopListCell.m */; };
		9CB92AB71E5D67AD00650CC5 /* GRShopListCell.xib in Resources */ = {isa = PBXBuildFile; fileRef = 9CB92AB51E5D67AD00650CC5 /* GRShopListCell.xib */; };
		9CB92ABA1E5DB14A00650CC5 /* MBProgressHUD.m in Sources */ = {isa = PBXBuildFile; fileRef = 9CB92AB91E5DB14A00650CC5 /* MBProgressHUD.m */; };
		9CB92ABD1E5F0FF800650CC5 /* GRShopListViewController.m in Sources */ = {isa = PBXBuildFile; fileRef = 9CB92ABC1E5F0FF800650CC5 /* GRShopListViewController.m */; };
		9CB92AC01E601EC000650CC5 /* GRCacheManager.m in Sources */ = {isa = PBXBuildFile; fileRef = 9CB92ABF1E601EC000650CC5 /* GRCacheManager.m */; };
		9CB92AC61E63F1A700650CC5 /* GRRouter.m in Sources */ = {isa = PBXBuildFile; fileRef = 9CB92AC51E63F1A700650CC5 /* GRRouter.m */; };
		9CB92AC91E63FC8000650CC5 /* GRTabBarViewController.m in Sources */ = {isa = PBXBuildFile; fileRef = 9CB92AC81E63FC8000650CC5 /* GRTabBarViewController.m */; };
		9CB9DFA21E659D7000C8F5E8 /* GROrderList.m in Sources */ = {isa = PBXBuildFile; fileRef = 9CB9DFA11E659D7000C8F5E8 /* GROrderList.m */; };
		9CB9DFA51E65A9F800C8F5E8 /* GROrderListRequest.m in Sources */ = {isa = PBXBuildFile; fileRef = 9CB9DFA41E65A9F800C8F5E8 /* GROrderListRequest.m */; };
		9CC838DC1EBEF891008CF79A /* GRAboutGroooController.m in Sources */ = {isa = PBXBuildFile; fileRef = 9CC838DA1EBEF891008CF79A /* GRAboutGroooController.m */; };
		9CC838DD1EBEF891008CF79A /* GRAboutGroooController.xib in Resources */ = {isa = PBXBuildFile; fileRef = 9CC838DB1EBEF891008CF79A /* GRAboutGroooController.xib */; };
		9CC838E11EBF221D008CF79A /* GRContactUsController.m in Sources */ = {isa = PBXBuildFile; fileRef = 9CC838DF1EBF221D008CF79A /* GRContactUsController.m */; };
		9CC838E21EBF221D008CF79A /* GRContactUsController.xib in Resources */ = {isa = PBXBuildFile; fileRef = 9CC838E01EBF221D008CF79A /* GRContactUsController.xib */; };
		9CC838E61EBF2C60008CF79A /* GRAutherInfoController.m in Sources */ = {isa = PBXBuildFile; fileRef = 9CC838E41EBF2C60008CF79A /* GRAutherInfoController.m */; };
		9CC838E71EBF2C60008CF79A /* GRAutherInfoController.xib in Resources */ = {isa = PBXBuildFile; fileRef = 9CC838E51EBF2C60008CF79A /* GRAutherInfoController.xib */; };
		9CC838EE1EC0141D008CF79A /* UIView+GRClickable.m in Sources */ = {isa = PBXBuildFile; fileRef = 9CC838ED1EC0141D008CF79A /* UIView+GRClickable.m */; };
		9CC838F21EC0632E008CF79A /* GRTuhaoRankController.m in Sources */ = {isa = PBXBuildFile; fileRef = 9CC838F01EC0632E008CF79A /* GRTuhaoRankController.m */; };
		9CC838F31EC0632E008CF79A /* GRTuhaoRankController.xib in Resources */ = {isa = PBXBuildFile; fileRef = 9CC838F11EC0632E008CF79A /* GRTuhaoRankController.xib */; };
		9CC838F81EC0641C008CF79A /* GRTuhaoRankTableCell.m in Sources */ = {isa = PBXBuildFile; fileRef = 9CC838F61EC0641C008CF79A /* GRTuhaoRankTableCell.m */; };
		9CC838F91EC0641C008CF79A /* GRTuhaoRankTableCell.xib in Resources */ = {isa = PBXBuildFile; fileRef = 9CC838F71EC0641C008CF79A /* GRTuhaoRankTableCell.xib */; };
		9CC838FC1EC07144008CF79A /* GRTuhaoRankList.m in Sources */ = {isa = PBXBuildFile; fileRef = 9CC838FB1EC07144008CF79A /* GRTuhaoRankList.m */; };
		9CC838FF1EC07206008CF79A /* GRRankListRequest.m in Sources */ = {isa = PBXBuildFile; fileRef = 9CC838FE1EC07206008CF79A /* GRRankListRequest.m */; };
		9CCC22C91E950EE60029B0EB /* GRCashierdeskCell.m in Sources */ = {isa = PBXBuildFile; fileRef = 9CCC22C71E950EE60029B0EB /* GRCashierdeskCell.m */; };
		9CCC22CA1E950EE60029B0EB /* GRCashierdeskCell.xib in Resources */ = {isa = PBXBuildFile; fileRef = 9CCC22C81E950EE60029B0EB /* GRCashierdeskCell.xib */; };
		9CF50A241EB9E24300E05514 /* GRUserInfoController.m in Sources */ = {isa = PBXBuildFile; fileRef = 9CF50A221EB9E24300E05514 /* GRUserInfoController.m */; };
		9CF50A251EB9E24300E05514 /* GRUserInfoController.xib in Resources */ = {isa = PBXBuildFile; fileRef = 9CF50A231EB9E24300E05514 /* GRUserInfoController.xib */; };
		9CFF24D41E83BE0C004D92D7 /* GRMenuList.m in Sources */ = {isa = PBXBuildFile; fileRef = 9CFF24D31E83BE0C004D92D7 /* GRMenuList.m */; };
		E2954B97A1FCB5F571EBF9A5 /* libPods-GroooSource.a in Frameworks */ = {isa = PBXBuildFile; fileRef = 07E584F6C8F6FD08D02E5B18 /* libPods-GroooSource.a */; };
/* End PBXBuildFile section */

/* Begin PBXFileReference section */
		07E584F6C8F6FD08D02E5B18 /* libPods-GroooSource.a */ = {isa = PBXFileReference; explicitFileType = archive.ar; includeInIndex = 0; path = "libPods-GroooSource.a"; sourceTree = BUILT_PRODUCTS_DIR; };
		823FE4581E4C94FE008E8CB0 /* UIImage+GROperation.h */ = {isa = PBXFileReference; fileEncoding = 4; lastKnownFileType = sourcecode.c.h; path = "UIImage+GROperation.h"; sourceTree = "<group>"; };
		823FE4591E4C94FE008E8CB0 /* UIImage+GROperation.m */ = {isa = PBXFileReference; fileEncoding = 4; lastKnownFileType = sourcecode.c.objc; path = "UIImage+GROperation.m"; sourceTree = "<group>"; };
		823FE45E1E4D6617008E8CB0 /* GRNavigationController.h */ = {isa = PBXFileReference; fileEncoding = 4; lastKnownFileType = sourcecode.c.h; path = GRNavigationController.h; sourceTree = "<group>"; };
		823FE45F1E4D6617008E8CB0 /* GRNavigationController.m */ = {isa = PBXFileReference; fileEncoding = 4; lastKnownFileType = sourcecode.c.objc; path = GRNavigationController.m; sourceTree = "<group>"; };
		823FE4611E4D850F008E8CB0 /* UIView+GRShortcut.h */ = {isa = PBXFileReference; fileEncoding = 4; lastKnownFileType = sourcecode.c.h; path = "UIView+GRShortcut.h"; sourceTree = "<group>"; };
		823FE4621E4D850F008E8CB0 /* UIView+GRShortcut.m */ = {isa = PBXFileReference; fileEncoding = 4; lastKnownFileType = sourcecode.c.objc; path = "UIView+GRShortcut.m"; sourceTree = "<group>"; };
		823FE4641E4D8CF4008E8CB0 /* GRCategory.h */ = {isa = PBXFileReference; lastKnownFileType = sourcecode.c.h; path = GRCategory.h; sourceTree = "<group>"; };
		823FE4651E4D911E008E8CB0 /* Assets.xcassets */ = {isa = PBXFileReference; lastKnownFileType = folder.assetcatalog; path = Assets.xcassets; sourceTree = "<group>"; };
		823FE4671E4D9A1D008E8CB0 /* GRLoginViewController.h */ = {isa = PBXFileReference; fileEncoding = 4; lastKnownFileType = sourcecode.c.h; path = GRLoginViewController.h; sourceTree = "<group>"; };
		823FE4681E4D9A1D008E8CB0 /* GRLoginViewController.m */ = {isa = PBXFileReference; fileEncoding = 4; lastKnownFileType = sourcecode.c.objc; path = GRLoginViewController.m; sourceTree = "<group>"; };
		823FE4691E4D9A1D008E8CB0 /* GRLoginViewController.xib */ = {isa = PBXFileReference; fileEncoding = 4; lastKnownFileType = file.xib; path = GRLoginViewController.xib; sourceTree = "<group>"; };
		823FE46C1E4DC7E7008E8CB0 /* GRLoginResponse.h */ = {isa = PBXFileReference; fileEncoding = 4; lastKnownFileType = sourcecode.c.h; path = GRLoginResponse.h; sourceTree = "<group>"; };
		823FE46D1E4DC7E7008E8CB0 /* GRLoginResponse.m */ = {isa = PBXFileReference; fileEncoding = 4; lastKnownFileType = sourcecode.c.objc; path = GRLoginResponse.m; sourceTree = "<group>"; };
		82AF89631E48400B00676D29 /* GroooSource.app */ = {isa = PBXFileReference; explicitFileType = wrapper.application; includeInIndex = 0; path = GroooSource.app; sourceTree = BUILT_PRODUCTS_DIR; };
		82AF897E1E48418800676D29 /* Info.plist */ = {isa = PBXFileReference; fileEncoding = 4; lastKnownFileType = text.plist.xml; path = Info.plist; sourceTree = "<group>"; };
		82AF897F1E48418800676D29 /* main.m */ = {isa = PBXFileReference; fileEncoding = 4; lastKnownFileType = sourcecode.c.objc; path = main.m; sourceTree = "<group>"; };
		82AF89951E48457F00676D29 /* GRAppDelegate.h */ = {isa = PBXFileReference; fileEncoding = 4; lastKnownFileType = sourcecode.c.h; path = GRAppDelegate.h; sourceTree = "<group>"; };
		82AF89961E48457F00676D29 /* GRAppDelegate.m */ = {isa = PBXFileReference; fileEncoding = 4; lastKnownFileType = sourcecode.c.objc; path = GRAppDelegate.m; sourceTree = "<group>"; };
		82AF89A41E485ACD00676D29 /* GRAPI.h */ = {isa = PBXFileReference; lastKnownFileType = sourcecode.c.h; path = GRAPI.h; sourceTree = "<group>"; };
		82AF89A91E49765300676D29 /* GRNetRequestObject.h */ = {isa = PBXFileReference; fileEncoding = 4; lastKnownFileType = sourcecode.c.h; path = GRNetRequestObject.h; sourceTree = "<group>"; };
		82AF89AA1E49765300676D29 /* GRNetRequestObject.m */ = {isa = PBXFileReference; fileEncoding = 4; lastKnownFileType = sourcecode.c.objc; path = GRNetRequestObject.m; sourceTree = "<group>"; };
		82AF89AC1E498F6600676D29 /* GRHTTPManager.h */ = {isa = PBXFileReference; fileEncoding = 4; lastKnownFileType = sourcecode.c.h; path = GRHTTPManager.h; sourceTree = "<group>"; };
		82AF89AD1E498F6600676D29 /* GRHTTPManager.m */ = {isa = PBXFileReference; fileEncoding = 4; lastKnownFileType = sourcecode.c.objc; path = GRHTTPManager.m; sourceTree = "<group>"; };
		82AF89B01E49DA1600676D29 /* GRModel.h */ = {isa = PBXFileReference; fileEncoding = 4; lastKnownFileType = sourcecode.c.h; path = GRModel.h; sourceTree = "<group>"; };
		82AF89B11E49DA1600676D29 /* GRModel.m */ = {isa = PBXFileReference; fileEncoding = 4; lastKnownFileType = sourcecode.c.objc; path = GRModel.m; sourceTree = "<group>"; };
		82AF89B31E4AC38200676D29 /* GRListTypeModel.h */ = {isa = PBXFileReference; fileEncoding = 4; lastKnownFileType = sourcecode.c.h; path = GRListTypeModel.h; sourceTree = "<group>"; };
		82AF89B41E4AC38200676D29 /* GRListTypeModel.m */ = {isa = PBXFileReference; fileEncoding = 4; lastKnownFileType = sourcecode.c.objc; path = GRListTypeModel.m; sourceTree = "<group>"; };
		82AF89BC1E4AE7BD00676D29 /* GRAppStyle.h */ = {isa = PBXFileReference; fileEncoding = 4; lastKnownFileType = sourcecode.c.h; path = GRAppStyle.h; sourceTree = "<group>"; };
		82AF89BD1E4AE7BD00676D29 /* GRAppStyle.m */ = {isa = PBXFileReference; fileEncoding = 4; lastKnownFileType = sourcecode.c.objc; path = GRAppStyle.m; sourceTree = "<group>"; };
		82AF89C31E4AF0C800676D29 /* GRShopList.h */ = {isa = PBXFileReference; fileEncoding = 4; lastKnownFileType = sourcecode.c.h; path = GRShopList.h; sourceTree = "<group>"; };
		82AF89C41E4AF0C900676D29 /* GRShopList.m */ = {isa = PBXFileReference; fileEncoding = 4; lastKnownFileType = sourcecode.c.objc; path = GRShopList.m; sourceTree = "<group>"; };
		82AF89C61E4AF51C00676D29 /* GRShopListRequest.h */ = {isa = PBXFileReference; fileEncoding = 4; lastKnownFileType = sourcecode.c.h; path = GRShopListRequest.h; sourceTree = "<group>"; };
		82AF89C71E4AF51C00676D29 /* GRShopListRequest.m */ = {isa = PBXFileReference; fileEncoding = 4; lastKnownFileType = sourcecode.c.objc; path = GRShopListRequest.m; sourceTree = "<group>"; };
		82AF89CF1E4B2FA100676D29 /* GRViewController.h */ = {isa = PBXFileReference; fileEncoding = 4; lastKnownFileType = sourcecode.c.h; path = GRViewController.h; sourceTree = "<group>"; };
		82AF89D01E4B2FA100676D29 /* GRViewController.m */ = {isa = PBXFileReference; fileEncoding = 4; lastKnownFileType = sourcecode.c.objc; path = GRViewController.m; sourceTree = "<group>"; };
		82AF89D31E4B3F5200676D29 /* NSString+GRCommen.h */ = {isa = PBXFileReference; fileEncoding = 4; lastKnownFileType = sourcecode.c.h; path = "NSString+GRCommen.h"; sourceTree = "<group>"; };
		82AF89D41E4B3F5200676D29 /* NSString+GRCommen.m */ = {isa = PBXFileReference; fileEncoding = 4; lastKnownFileType = sourcecode.c.objc; path = "NSString+GRCommen.m"; sourceTree = "<group>"; };
		82AF89E01E4C542000676D29 /* GRWebViewController.h */ = {isa = PBXFileReference; fileEncoding = 4; lastKnownFileType = sourcecode.c.h; path = GRWebViewController.h; sourceTree = "<group>"; };
		82AF89E11E4C542000676D29 /* GRWebViewController.m */ = {isa = PBXFileReference; fileEncoding = 4; lastKnownFileType = sourcecode.c.objc; path = GRWebViewController.m; sourceTree = "<group>"; };
		82AF89E21E4C542000676D29 /* GRWebViewController.xib */ = {isa = PBXFileReference; fileEncoding = 4; lastKnownFileType = file.xib; path = GRWebViewController.xib; sourceTree = "<group>"; };
		9C1507EE1E5085F3007C2B8F /* GRRegisterViewController.h */ = {isa = PBXFileReference; fileEncoding = 4; lastKnownFileType = sourcecode.c.h; name = GRRegisterViewController.h; path = ../../Login/Controller/GRRegisterViewController.h; sourceTree = "<group>"; };
		9C1507EF1E5085F3007C2B8F /* GRRegisterViewController.m */ = {isa = PBXFileReference; fileEncoding = 4; lastKnownFileType = sourcecode.c.objc; name = GRRegisterViewController.m; path = ../../Login/Controller/GRRegisterViewController.m; sourceTree = "<group>"; };
		9C1507F01E5085F3007C2B8F /* GRRegisterViewController.xib */ = {isa = PBXFileReference; fileEncoding = 4; lastKnownFileType = file.xib; name = GRRegisterViewController.xib; path = ../../Login/Controller/GRRegisterViewController.xib; sourceTree = "<group>"; };
		9C1507F31E515905007C2B8F /* GRLoginRequest.h */ = {isa = PBXFileReference; fileEncoding = 4; lastKnownFileType = sourcecode.c.h; path = GRLoginRequest.h; sourceTree = "<group>"; };
		9C1507F41E515905007C2B8F /* GRLoginRequest.m */ = {isa = PBXFileReference; fileEncoding = 4; lastKnownFileType = sourcecode.c.objc; path = GRLoginRequest.m; sourceTree = "<group>"; };
		9C1BE93A1E8B8F37007F5733 /* GRMenuCategoryCell.h */ = {isa = PBXFileReference; fileEncoding = 4; lastKnownFileType = sourcecode.c.h; path = GRMenuCategoryCell.h; sourceTree = "<group>"; };
		9C1BE93B1E8B8F37007F5733 /* GRMenuCategoryCell.m */ = {isa = PBXFileReference; fileEncoding = 4; lastKnownFileType = sourcecode.c.objc; path = GRMenuCategoryCell.m; sourceTree = "<group>"; };
		9C1BE93C1E8B8F37007F5733 /* GRMenuCategoryCell.xib */ = {isa = PBXFileReference; fileEncoding = 4; lastKnownFileType = file.xib; path = GRMenuCategoryCell.xib; sourceTree = "<group>"; };
		9C1BE93D1E8B8F37007F5733 /* GRMenuMainView.h */ = {isa = PBXFileReference; fileEncoding = 4; lastKnownFileType = sourcecode.c.h; path = GRMenuMainView.h; sourceTree = "<group>"; };
		9C1BE93E1E8B8F37007F5733 /* GRMenuMainView.m */ = {isa = PBXFileReference; fileEncoding = 4; lastKnownFileType = sourcecode.c.objc; path = GRMenuMainView.m; sourceTree = "<group>"; };
		9C1BE9421E8B923F007F5733 /* GRMenuDetailCell.h */ = {isa = PBXFileReference; fileEncoding = 4; lastKnownFileType = sourcecode.c.h; path = GRMenuDetailCell.h; sourceTree = "<group>"; };
		9C1BE9431E8B923F007F5733 /* GRMenuDetailCell.m */ = {isa = PBXFileReference; fileEncoding = 4; lastKnownFileType = sourcecode.c.objc; path = GRMenuDetailCell.m; sourceTree = "<group>"; };
		9C1BE9441E8B923F007F5733 /* GRMenuDetailCell.xib */ = {isa = PBXFileReference; fileEncoding = 4; lastKnownFileType = file.xib; path = GRMenuDetailCell.xib; sourceTree = "<group>"; };
		9C2748F21EBD64620022ABCC /* GRChangePasswordController.h */ = {isa = PBXFileReference; fileEncoding = 4; lastKnownFileType = sourcecode.c.h; path = GRChangePasswordController.h; sourceTree = "<group>"; };
		9C2748F31EBD64620022ABCC /* GRChangePasswordController.m */ = {isa = PBXFileReference; fileEncoding = 4; lastKnownFileType = sourcecode.c.objc; path = GRChangePasswordController.m; sourceTree = "<group>"; };
		9C2748F41EBD64620022ABCC /* GRChangePasswordController.xib */ = {isa = PBXFileReference; fileEncoding = 4; lastKnownFileType = file.xib; path = GRChangePasswordController.xib; sourceTree = "<group>"; };
		9C2748F71EBD7C7A0022ABCC /* GRChangePasswordRequest.h */ = {isa = PBXFileReference; fileEncoding = 4; lastKnownFileType = sourcecode.c.h; path = GRChangePasswordRequest.h; sourceTree = "<group>"; };
		9C2748F81EBD7C7A0022ABCC /* GRChangePasswordRequest.m */ = {isa = PBXFileReference; fileEncoding = 4; lastKnownFileType = sourcecode.c.objc; path = GRChangePasswordRequest.m; sourceTree = "<group>"; };
		9C2748FA1EBDD3470022ABCC /* GRSchoolNoticeView.h */ = {isa = PBXFileReference; fileEncoding = 4; lastKnownFileType = sourcecode.c.h; path = GRSchoolNoticeView.h; sourceTree = "<group>"; };
		9C2748FB1EBDD3470022ABCC /* GRSchoolNoticeView.m */ = {isa = PBXFileReference; fileEncoding = 4; lastKnownFileType = sourcecode.c.objc; path = GRSchoolNoticeView.m; sourceTree = "<group>"; };
		9C2748FF1EBDD9F10022ABCC /* GRSchoolNoticeRequest.h */ = {isa = PBXFileReference; fileEncoding = 4; lastKnownFileType = sourcecode.c.h; path = GRSchoolNoticeRequest.h; sourceTree = "<group>"; };
		9C2749001EBDD9F10022ABCC /* GRSchoolNoticeRequest.m */ = {isa = PBXFileReference; fileEncoding = 4; lastKnownFileType = sourcecode.c.objc; path = GRSchoolNoticeRequest.m; sourceTree = "<group>"; };
		9C2749021EBDEDB70022ABCC /* GRSettingViewController.h */ = {isa = PBXFileReference; fileEncoding = 4; lastKnownFileType = sourcecode.c.h; path = GRSettingViewController.h; sourceTree = "<group>"; };
		9C2749031EBDEDB70022ABCC /* GRSettingViewController.m */ = {isa = PBXFileReference; fileEncoding = 4; lastKnownFileType = sourcecode.c.objc; path = GRSettingViewController.m; sourceTree = "<group>"; };
		9C2749041EBDEDB70022ABCC /* GRSettingViewController.xib */ = {isa = PBXFileReference; fileEncoding = 4; lastKnownFileType = file.xib; path = GRSettingViewController.xib; sourceTree = "<group>"; };
		9C2749071EBEAEB90022ABCC /* GRAppInfoViewController.h */ = {isa = PBXFileReference; fileEncoding = 4; lastKnownFileType = sourcecode.c.h; path = GRAppInfoViewController.h; sourceTree = "<group>"; };
		9C2749081EBEAEB90022ABCC /* GRAppInfoViewController.m */ = {isa = PBXFileReference; fileEncoding = 4; lastKnownFileType = sourcecode.c.objc; path = GRAppInfoViewController.m; sourceTree = "<group>"; };
		9C2749091EBEAEB90022ABCC /* GRAppInfoViewController.xib */ = {isa = PBXFileReference; fileEncoding = 4; lastKnownFileType = file.xib; path = GRAppInfoViewController.xib; sourceTree = "<group>"; };
		9C27490C1EBECFD60022ABCC /* GRFindMoreViewController.h */ = {isa = PBXFileReference; fileEncoding = 4; lastKnownFileType = sourcecode.c.h; path = GRFindMoreViewController.h; sourceTree = "<group>"; };
		9C27490D1EBECFD60022ABCC /* GRFindMoreViewController.m */ = {isa = PBXFileReference; fileEncoding = 4; lastKnownFileType = sourcecode.c.objc; path = GRFindMoreViewController.m; sourceTree = "<group>"; };
		9C27490E1EBECFD60022ABCC /* GRFindMoreViewController.xib */ = {isa = PBXFileReference; fileEncoding = 4; lastKnownFileType = file.xib; path = GRFindMoreViewController.xib; sourceTree = "<group>"; };
		9C2749141EBED6730022ABCC /* GRJoinViewController.h */ = {isa = PBXFileReference; fileEncoding = 4; lastKnownFileType = sourcecode.c.h; path = GRJoinViewController.h; sourceTree = "<group>"; };
		9C2749151EBED6730022ABCC /* GRJoinViewController.m */ = {isa = PBXFileReference; fileEncoding = 4; lastKnownFileType = sourcecode.c.objc; path = GRJoinViewController.m; sourceTree = "<group>"; };
		9C2749161EBED6730022ABCC /* GRJoinViewController.xib */ = {isa = PBXFileReference; fileEncoding = 4; lastKnownFileType = file.xib; path = GRJoinViewController.xib; sourceTree = "<group>"; };
		9C2C3FAD1E978CCA003E77E5 /* GRPlaceOrderRequest.h */ = {isa = PBXFileReference; fileEncoding = 4; lastKnownFileType = sourcecode.c.h; path = GRPlaceOrderRequest.h; sourceTree = "<group>"; };
		9C2C3FAE1E978CCA003E77E5 /* GRPlaceOrderRequest.m */ = {isa = PBXFileReference; fileEncoding = 4; lastKnownFileType = sourcecode.c.objc; path = GRPlaceOrderRequest.m; sourceTree = "<group>"; };
		9C2C3FB01E97AB5B003E77E5 /* MBProgressHUD+GRShow.h */ = {isa = PBXFileReference; fileEncoding = 4; lastKnownFileType = sourcecode.c.h; path = "MBProgressHUD+GRShow.h"; sourceTree = "<group>"; };
		9C2C3FB11E97AB5B003E77E5 /* MBProgressHUD+GRShow.m */ = {isa = PBXFileReference; fileEncoding = 4; lastKnownFileType = sourcecode.c.objc; path = "MBProgressHUD+GRShow.m"; sourceTree = "<group>"; };
		9C2CC6921EBC0C80001E2F31 /* GRUserInfoData.h */ = {isa = PBXFileReference; fileEncoding = 4; lastKnownFileType = sourcecode.c.h; path = GRUserInfoData.h; sourceTree = "<group>"; };
		9C2CC6931EBC0C80001E2F31 /* GRUserInfoData.m */ = {isa = PBXFileReference; fileEncoding = 4; lastKnownFileType = sourcecode.c.objc; path = GRUserInfoData.m; sourceTree = "<group>"; };
		9C2CC6951EBC1375001E2F31 /* GRUserInfoRequest.h */ = {isa = PBXFileReference; fileEncoding = 4; lastKnownFileType = sourcecode.c.h; path = GRUserInfoRequest.h; sourceTree = "<group>"; };
		9C2CC6961EBC1375001E2F31 /* GRUserInfoRequest.m */ = {isa = PBXFileReference; fileEncoding = 4; lastKnownFileType = sourcecode.c.objc; path = GRUserInfoRequest.m; sourceTree = "<group>"; };
		9C44D4441E8CAA2900F85757 /* GRShopRatingTable.h */ = {isa = PBXFileReference; fileEncoding = 4; lastKnownFileType = sourcecode.c.h; path = GRShopRatingTable.h; sourceTree = "<group>"; };
		9C44D4451E8CAA2900F85757 /* GRShopRatingTable.m */ = {isa = PBXFileReference; fileEncoding = 4; lastKnownFileType = sourcecode.c.objc; path = GRShopRatingTable.m; sourceTree = "<group>"; };
		9C44D4471E8CAC3100F85757 /* GRShopRatingListRequest.h */ = {isa = PBXFileReference; fileEncoding = 4; lastKnownFileType = sourcecode.c.h; path = GRShopRatingListRequest.h; sourceTree = "<group>"; };
		9C44D4481E8CAC3100F85757 /* GRShopRatingListRequest.m */ = {isa = PBXFileReference; fileEncoding = 4; lastKnownFileType = sourcecode.c.objc; path = GRShopRatingListRequest.m; sourceTree = "<group>"; };
		9C44D44A1E8CAD3300F85757 /* GRShopRatingList.h */ = {isa = PBXFileReference; fileEncoding = 4; lastKnownFileType = sourcecode.c.h; path = GRShopRatingList.h; sourceTree = "<group>"; };
		9C44D44B1E8CAD3300F85757 /* GRShopRatingList.m */ = {isa = PBXFileReference; fileEncoding = 4; lastKnownFileType = sourcecode.c.objc; path = GRShopRatingList.m; sourceTree = "<group>"; };
		9C44D45F1E8CFBA000F85757 /* GRShopRatingLeftCell.h */ = {isa = PBXFileReference; fileEncoding = 4; lastKnownFileType = sourcecode.c.h; path = GRShopRatingLeftCell.h; sourceTree = "<group>"; };
		9C44D4601E8CFBA000F85757 /* GRShopRatingLeftCell.m */ = {isa = PBXFileReference; fileEncoding = 4; lastKnownFileType = sourcecode.c.objc; path = GRShopRatingLeftCell.m; sourceTree = "<group>"; };
		9C44D4611E8CFBA000F85757 /* GRShopRatingLeftCell.xib */ = {isa = PBXFileReference; fileEncoding = 4; lastKnownFileType = file.xib; path = GRShopRatingLeftCell.xib; sourceTree = "<group>"; };
		9C44D4641E8CFD6300F85757 /* GRShopRatingRightCell.h */ = {isa = PBXFileReference; fileEncoding = 4; lastKnownFileType = sourcecode.c.h; path = GRShopRatingRightCell.h; sourceTree = "<group>"; };
		9C44D4651E8CFD6300F85757 /* GRShopRatingRightCell.m */ = {isa = PBXFileReference; fileEncoding = 4; lastKnownFileType = sourcecode.c.objc; path = GRShopRatingRightCell.m; sourceTree = "<group>"; };
		9C44D4661E8CFD6300F85757 /* GRShopRatingRightCell.xib */ = {isa = PBXFileReference; fileEncoding = 4; lastKnownFileType = file.xib; path = GRShopRatingRightCell.xib; sourceTree = "<group>"; };
		9C44D46A1E8F82F600F85757 /* GRCashierdeskView.h */ = {isa = PBXFileReference; fileEncoding = 4; lastKnownFileType = sourcecode.c.h; path = GRCashierdeskView.h; sourceTree = "<group>"; };
		9C44D46B1E8F82F600F85757 /* GRCashierdeskView.m */ = {isa = PBXFileReference; fileEncoding = 4; lastKnownFileType = sourcecode.c.objc; path = GRCashierdeskView.m; sourceTree = "<group>"; };
		9C5384951E51D4BC004EDBCF /* GRRegisterRequest.h */ = {isa = PBXFileReference; fileEncoding = 4; lastKnownFileType = sourcecode.c.h; path = GRRegisterRequest.h; sourceTree = "<group>"; };
		9C5384961E51D4BC004EDBCF /* GRRegisterRequest.m */ = {isa = PBXFileReference; fileEncoding = 4; lastKnownFileType = sourcecode.c.objc; path = GRRegisterRequest.m; sourceTree = "<group>"; };
		9C5384981E52A47B004EDBCF /* GRMacro.h */ = {isa = PBXFileReference; lastKnownFileType = sourcecode.c.h; path = GRMacro.h; sourceTree = "<group>"; };
		9C53849D1E52F626004EDBCF /* GRUserManager.h */ = {isa = PBXFileReference; fileEncoding = 4; lastKnownFileType = sourcecode.c.h; path = GRUserManager.h; sourceTree = "<group>"; };
		9C53849E1E52F626004EDBCF /* GRUserManager.m */ = {isa = PBXFileReference; fileEncoding = 4; lastKnownFileType = sourcecode.c.objc; path = GRUserManager.m; sourceTree = "<group>"; };
		9C5384A01E52F914004EDBCF /* GRUser.h */ = {isa = PBXFileReference; fileEncoding = 4; lastKnownFileType = sourcecode.c.h; path = GRUser.h; sourceTree = "<group>"; };
		9C5384A11E52F914004EDBCF /* GRUser.m */ = {isa = PBXFileReference; fileEncoding = 4; lastKnownFileType = sourcecode.c.objc; path = GRUser.m; sourceTree = "<group>"; };
		9C8CF6CC1E83C5DE0030F54E /* GRMenuListRequest.h */ = {isa = PBXFileReference; fileEncoding = 4; lastKnownFileType = sourcecode.c.h; path = GRMenuListRequest.h; sourceTree = "<group>"; };
		9C8CF6CD1E83C5DE0030F54E /* GRMenuListRequest.m */ = {isa = PBXFileReference; fileEncoding = 4; lastKnownFileType = sourcecode.c.objc; path = GRMenuListRequest.m; sourceTree = "<group>"; };
		9C8CF6CF1E83CC350030F54E /* GRMenuViewController.h */ = {isa = PBXFileReference; fileEncoding = 4; lastKnownFileType = sourcecode.c.h; path = GRMenuViewController.h; sourceTree = "<group>"; };
		9C8CF6D01E83CC350030F54E /* GRMenuViewController.m */ = {isa = PBXFileReference; fileEncoding = 4; lastKnownFileType = sourcecode.c.objc; path = GRMenuViewController.m; sourceTree = "<group>"; };
		9C8CF6D21E83D1AC0030F54E /* GRMenuHeadView.h */ = {isa = PBXFileReference; fileEncoding = 4; lastKnownFileType = sourcecode.c.h; path = GRMenuHeadView.h; sourceTree = "<group>"; };
		9C8CF6D31E83D1AC0030F54E /* GRMenuHeadView.m */ = {isa = PBXFileReference; fileEncoding = 4; lastKnownFileType = sourcecode.c.objc; path = GRMenuHeadView.m; sourceTree = "<group>"; };
		9CA98E421E9B2DF9008D603E /* UINavigationController+FDFullscreenPopGesture.h */ = {isa = PBXFileReference; fileEncoding = 4; lastKnownFileType = sourcecode.c.h; path = "UINavigationController+FDFullscreenPopGesture.h"; sourceTree = "<group>"; };
		9CA98E431E9B2DF9008D603E /* UINavigationController+FDFullscreenPopGesture.m */ = {isa = PBXFileReference; fileEncoding = 4; lastKnownFileType = sourcecode.c.objc; path = "UINavigationController+FDFullscreenPopGesture.m"; sourceTree = "<group>"; };
		9CA98E451E9B539D008D603E /* GRScrollView.h */ = {isa = PBXFileReference; fileEncoding = 4; lastKnownFileType = sourcecode.c.h; path = GRScrollView.h; sourceTree = "<group>"; };
		9CA98E461E9B539D008D603E /* GRScrollView.m */ = {isa = PBXFileReference; fileEncoding = 4; lastKnownFileType = sourcecode.c.objc; path = GRScrollView.m; sourceTree = "<group>"; };
		9CAAF5671E6D0E8B00730810 /* GROrderListCell.h */ = {isa = PBXFileReference; fileEncoding = 4; lastKnownFileType = sourcecode.c.h; path = GROrderListCell.h; sourceTree = "<group>"; };
		9CAAF5681E6D0E8B00730810 /* GROrderListCell.m */ = {isa = PBXFileReference; fileEncoding = 4; lastKnownFileType = sourcecode.c.objc; path = GROrderListCell.m; sourceTree = "<group>"; };
		9CAAF5691E6D0E8B00730810 /* GROrderListCell.xib */ = {isa = PBXFileReference; fileEncoding = 4; lastKnownFileType = file.xib; path = GROrderListCell.xib; sourceTree = "<group>"; };
		9CAAF5701E6D6FA200730810 /* GRHeaders.pch */ = {isa = PBXFileReference; lastKnownFileType = sourcecode.c.h; path = GRHeaders.pch; sourceTree = "<group>"; };
		9CAAF5711E6E808900730810 /* GROrderStatusEnum.h */ = {isa = PBXFileReference; lastKnownFileType = sourcecode.c.h; path = GROrderStatusEnum.h; sourceTree = "<group>"; };
		9CAAF5721E6E83C600730810 /* GROrderStatusLabel.h */ = {isa = PBXFileReference; fileEncoding = 4; lastKnownFileType = sourcecode.c.h; path = GROrderStatusLabel.h; sourceTree = "<group>"; };
		9CAAF5731E6E83C600730810 /* GROrderStatusLabel.m */ = {isa = PBXFileReference; fileEncoding = 4; lastKnownFileType = sourcecode.c.objc; path = GROrderStatusLabel.m; sourceTree = "<group>"; };
		9CAAF5751E6E8A0800730810 /* GROperateOrderBtn.h */ = {isa = PBXFileReference; fileEncoding = 4; lastKnownFileType = sourcecode.c.h; path = GROperateOrderBtn.h; sourceTree = "<group>"; };
		9CAAF5761E6E8A0800730810 /* GROperateOrderBtn.m */ = {isa = PBXFileReference; fileEncoding = 4; lastKnownFileType = sourcecode.c.objc; path = GROperateOrderBtn.m; sourceTree = "<group>"; };
		9CAAF57A1E6E930700730810 /* GRSegmentView.h */ = {isa = PBXFileReference; fileEncoding = 4; lastKnownFileType = sourcecode.c.h; path = GRSegmentView.h; sourceTree = "<group>"; };
		9CAAF57B1E6E930700730810 /* GRSegmentView.m */ = {isa = PBXFileReference; fileEncoding = 4; lastKnownFileType = sourcecode.c.objc; path = GRSegmentView.m; sourceTree = "<group>"; };
		9CAAF57D1E6E9E4B00730810 /* GROrderListTable.h */ = {isa = PBXFileReference; fileEncoding = 4; lastKnownFileType = sourcecode.c.h; path = GROrderListTable.h; sourceTree = "<group>"; };
		9CAAF57E1E6E9E4B00730810 /* GROrderListTable.m */ = {isa = PBXFileReference; fileEncoding = 4; lastKnownFileType = sourcecode.c.objc; path = GROrderListTable.m; sourceTree = "<group>"; };
		9CAAF5801E6ED1F700730810 /* GRSegmentHeadView.h */ = {isa = PBXFileReference; fileEncoding = 4; lastKnownFileType = sourcecode.c.h; path = GRSegmentHeadView.h; sourceTree = "<group>"; };
		9CAAF5811E6ED1F700730810 /* GRSegmentHeadView.m */ = {isa = PBXFileReference; fileEncoding = 4; lastKnownFileType = sourcecode.c.objc; path = GRSegmentHeadView.m; sourceTree = "<group>"; };
		9CAAF5831E6F048E00730810 /* GROrderListViewController.h */ = {isa = PBXFileReference; fileEncoding = 4; lastKnownFileType = sourcecode.c.h; path = GROrderListViewController.h; sourceTree = "<group>"; };
		9CAAF5841E6F048E00730810 /* GROrderListViewController.m */ = {isa = PBXFileReference; fileEncoding = 4; lastKnownFileType = sourcecode.c.objc; path = GROrderListViewController.m; sourceTree = "<group>"; };
		9CB92AB31E5D67AD00650CC5 /* GRShopListCell.h */ = {isa = PBXFileReference; fileEncoding = 4; lastKnownFileType = sourcecode.c.h; path = GRShopListCell.h; sourceTree = "<group>"; };
		9CB92AB41E5D67AD00650CC5 /* GRShopListCell.m */ = {isa = PBXFileReference; fileEncoding = 4; lastKnownFileType = sourcecode.c.objc; path = GRShopListCell.m; sourceTree = "<group>"; };
		9CB92AB51E5D67AD00650CC5 /* GRShopListCell.xib */ = {isa = PBXFileReference; fileEncoding = 4; lastKnownFileType = file.xib; path = GRShopListCell.xib; sourceTree = "<group>"; };
		9CB92AB81E5DB14A00650CC5 /* MBProgressHUD.h */ = {isa = PBXFileReference; fileEncoding = 4; lastKnownFileType = sourcecode.c.h; path = MBProgressHUD.h; sourceTree = "<group>"; };
		9CB92AB91E5DB14A00650CC5 /* MBProgressHUD.m */ = {isa = PBXFileReference; fileEncoding = 4; lastKnownFileType = sourcecode.c.objc; path = MBProgressHUD.m; sourceTree = "<group>"; };
		9CB92ABB1E5F0FF800650CC5 /* GRShopListViewController.h */ = {isa = PBXFileReference; fileEncoding = 4; lastKnownFileType = sourcecode.c.h; path = GRShopListViewController.h; sourceTree = "<group>"; };
		9CB92ABC1E5F0FF800650CC5 /* GRShopListViewController.m */ = {isa = PBXFileReference; fileEncoding = 4; lastKnownFileType = sourcecode.c.objc; path = GRShopListViewController.m; sourceTree = "<group>"; };
		9CB92ABE1E601EC000650CC5 /* GRCacheManager.h */ = {isa = PBXFileReference; fileEncoding = 4; lastKnownFileType = sourcecode.c.h; path = GRCacheManager.h; sourceTree = "<group>"; };
		9CB92ABF1E601EC000650CC5 /* GRCacheManager.m */ = {isa = PBXFileReference; fileEncoding = 4; lastKnownFileType = sourcecode.c.objc; path = GRCacheManager.m; sourceTree = "<group>"; };
		9CB92AC11E61723B00650CC5 /* GRNotification.h */ = {isa = PBXFileReference; lastKnownFileType = sourcecode.c.h; path = GRNotification.h; sourceTree = "<group>"; };
		9CB92AC41E63F1A700650CC5 /* GRRouter.h */ = {isa = PBXFileReference; fileEncoding = 4; lastKnownFileType = sourcecode.c.h; path = GRRouter.h; sourceTree = "<group>"; };
		9CB92AC51E63F1A700650CC5 /* GRRouter.m */ = {isa = PBXFileReference; fileEncoding = 4; lastKnownFileType = sourcecode.c.objc; path = GRRouter.m; sourceTree = "<group>"; };
		9CB92AC71E63FC8000650CC5 /* GRTabBarViewController.h */ = {isa = PBXFileReference; fileEncoding = 4; lastKnownFileType = sourcecode.c.h; path = GRTabBarViewController.h; sourceTree = "<group>"; };
		9CB92AC81E63FC8000650CC5 /* GRTabBarViewController.m */ = {isa = PBXFileReference; fileEncoding = 4; lastKnownFileType = sourcecode.c.objc; path = GRTabBarViewController.m; sourceTree = "<group>"; };
		9CB9DFA01E659D7000C8F5E8 /* GROrderList.h */ = {isa = PBXFileReference; fileEncoding = 4; lastKnownFileType = sourcecode.c.h; path = GROrderList.h; sourceTree = "<group>"; };
		9CB9DFA11E659D7000C8F5E8 /* GROrderList.m */ = {isa = PBXFileReference; fileEncoding = 4; lastKnownFileType = sourcecode.c.objc; path = GROrderList.m; sourceTree = "<group>"; };
		9CB9DFA31E65A9F800C8F5E8 /* GROrderListRequest.h */ = {isa = PBXFileReference; fileEncoding = 4; lastKnownFileType = sourcecode.c.h; path = GROrderListRequest.h; sourceTree = "<group>"; };
		9CB9DFA41E65A9F800C8F5E8 /* GROrderListRequest.m */ = {isa = PBXFileReference; fileEncoding = 4; lastKnownFileType = sourcecode.c.objc; path = GROrderListRequest.m; sourceTree = "<group>"; };
		9CC838D91EBEF891008CF79A /* GRAboutGroooController.h */ = {isa = PBXFileReference; fileEncoding = 4; lastKnownFileType = sourcecode.c.h; path = GRAboutGroooController.h; sourceTree = "<group>"; };
		9CC838DA1EBEF891008CF79A /* GRAboutGroooController.m */ = {isa = PBXFileReference; fileEncoding = 4; lastKnownFileType = sourcecode.c.objc; path = GRAboutGroooController.m; sourceTree = "<group>"; };
		9CC838DB1EBEF891008CF79A /* GRAboutGroooController.xib */ = {isa = PBXFileReference; fileEncoding = 4; lastKnownFileType = file.xib; path = GRAboutGroooController.xib; sourceTree = "<group>"; };
		9CC838DE1EBF221D008CF79A /* GRContactUsController.h */ = {isa = PBXFileReference; fileEncoding = 4; lastKnownFileType = sourcecode.c.h; path = GRContactUsController.h; sourceTree = "<group>"; };
		9CC838DF1EBF221D008CF79A /* GRContactUsController.m */ = {isa = PBXFileReference; fileEncoding = 4; lastKnownFileType = sourcecode.c.objc; path = GRContactUsController.m; sourceTree = "<group>"; };
		9CC838E01EBF221D008CF79A /* GRContactUsController.xib */ = {isa = PBXFileReference; fileEncoding = 4; lastKnownFileType = file.xib; path = GRContactUsController.xib; sourceTree = "<group>"; };
		9CC838E31EBF2C60008CF79A /* GRAutherInfoController.h */ = {isa = PBXFileReference; fileEncoding = 4; lastKnownFileType = sourcecode.c.h; path = GRAutherInfoController.h; sourceTree = "<group>"; };
		9CC838E41EBF2C60008CF79A /* GRAutherInfoController.m */ = {isa = PBXFileReference; fileEncoding = 4; lastKnownFileType = sourcecode.c.objc; path = GRAutherInfoController.m; sourceTree = "<group>"; };
		9CC838E51EBF2C60008CF79A /* GRAutherInfoController.xib */ = {isa = PBXFileReference; fileEncoding = 4; lastKnownFileType = file.xib; path = GRAutherInfoController.xib; sourceTree = "<group>"; };
		9CC838EC1EC0141D008CF79A /* UIView+GRClickable.h */ = {isa = PBXFileReference; fileEncoding = 4; lastKnownFileType = sourcecode.c.h; path = "UIView+GRClickable.h"; sourceTree = "<group>"; };
		9CC838ED1EC0141D008CF79A /* UIView+GRClickable.m */ = {isa = PBXFileReference; fileEncoding = 4; lastKnownFileType = sourcecode.c.objc; path = "UIView+GRClickable.m"; sourceTree = "<group>"; };
		9CC838EF1EC0632E008CF79A /* GRTuhaoRankController.h */ = {isa = PBXFileReference; fileEncoding = 4; lastKnownFileType = sourcecode.c.h; path = GRTuhaoRankController.h; sourceTree = "<group>"; };
		9CC838F01EC0632E008CF79A /* GRTuhaoRankController.m */ = {isa = PBXFileReference; fileEncoding = 4; lastKnownFileType = sourcecode.c.objc; path = GRTuhaoRankController.m; sourceTree = "<group>"; };
		9CC838F11EC0632E008CF79A /* GRTuhaoRankController.xib */ = {isa = PBXFileReference; fileEncoding = 4; lastKnownFileType = file.xib; path = GRTuhaoRankController.xib; sourceTree = "<group>"; };
		9CC838F51EC0641C008CF79A /* GRTuhaoRankTableCell.h */ = {isa = PBXFileReference; fileEncoding = 4; lastKnownFileType = sourcecode.c.h; path = GRTuhaoRankTableCell.h; sourceTree = "<group>"; };
		9CC838F61EC0641C008CF79A /* GRTuhaoRankTableCell.m */ = {isa = PBXFileReference; fileEncoding = 4; lastKnownFileType = sourcecode.c.objc; path = GRTuhaoRankTableCell.m; sourceTree = "<group>"; };
		9CC838F71EC0641C008CF79A /* GRTuhaoRankTableCell.xib */ = {isa = PBXFileReference; fileEncoding = 4; lastKnownFileType = file.xib; path = GRTuhaoRankTableCell.xib; sourceTree = "<group>"; };
		9CC838FA1EC07144008CF79A /* GRTuhaoRankList.h */ = {isa = PBXFileReference; fileEncoding = 4; lastKnownFileType = sourcecode.c.h; path = GRTuhaoRankList.h; sourceTree = "<group>"; };
		9CC838FB1EC07144008CF79A /* GRTuhaoRankList.m */ = {isa = PBXFileReference; fileEncoding = 4; lastKnownFileType = sourcecode.c.objc; path = GRTuhaoRankList.m; sourceTree = "<group>"; };
		9CC838FD1EC07206008CF79A /* GRRankListRequest.h */ = {isa = PBXFileReference; fileEncoding = 4; lastKnownFileType = sourcecode.c.h; path = GRRankListRequest.h; sourceTree = "<group>"; };
		9CC838FE1EC07206008CF79A /* GRRankListRequest.m */ = {isa = PBXFileReference; fileEncoding = 4; lastKnownFileType = sourcecode.c.objc; path = GRRankListRequest.m; sourceTree = "<group>"; };
		9CCC22C61E950EE60029B0EB /* GRCashierdeskCell.h */ = {isa = PBXFileReference; fileEncoding = 4; lastKnownFileType = sourcecode.c.h; path = GRCashierdeskCell.h; sourceTree = "<group>"; };
		9CCC22C71E950EE60029B0EB /* GRCashierdeskCell.m */ = {isa = PBXFileReference; fileEncoding = 4; lastKnownFileType = sourcecode.c.objc; path = GRCashierdeskCell.m; sourceTree = "<group>"; };
		9CCC22C81E950EE60029B0EB /* GRCashierdeskCell.xib */ = {isa = PBXFileReference; fileEncoding = 4; lastKnownFileType = file.xib; path = GRCashierdeskCell.xib; sourceTree = "<group>"; };
		9CF50A211EB9E24300E05514 /* GRUserInfoController.h */ = {isa = PBXFileReference; fileEncoding = 4; lastKnownFileType = sourcecode.c.h; path = GRUserInfoController.h; sourceTree = "<group>"; };
		9CF50A221EB9E24300E05514 /* GRUserInfoController.m */ = {isa = PBXFileReference; fileEncoding = 4; lastKnownFileType = sourcecode.c.objc; path = GRUserInfoController.m; sourceTree = "<group>"; };
		9CF50A231EB9E24300E05514 /* GRUserInfoController.xib */ = {isa = PBXFileReference; fileEncoding = 4; lastKnownFileType = file.xib; path = GRUserInfoController.xib; sourceTree = "<group>"; };
		9CFF24D21E83BE0C004D92D7 /* GRMenuList.h */ = {isa = PBXFileReference; fileEncoding = 4; lastKnownFileType = sourcecode.c.h; path = GRMenuList.h; sourceTree = "<group>"; };
		9CFF24D31E83BE0C004D92D7 /* GRMenuList.m */ = {isa = PBXFileReference; fileEncoding = 4; lastKnownFileType = sourcecode.c.objc; path = GRMenuList.m; sourceTree = "<group>"; };
		A71905685320E5462FE3E37D /* Pods-GroooSource.release.xcconfig */ = {isa = PBXFileReference; includeInIndex = 1; lastKnownFileType = text.xcconfig; name = "Pods-GroooSource.release.xcconfig"; path = "Pods/Target Support Files/Pods-GroooSource/Pods-GroooSource.release.xcconfig"; sourceTree = "<group>"; };
		D2038BDCB8836837AC626A84 /* Pods-GroooSource.debug.xcconfig */ = {isa = PBXFileReference; includeInIndex = 1; lastKnownFileType = text.xcconfig; name = "Pods-GroooSource.debug.xcconfig"; path = "Pods/Target Support Files/Pods-GroooSource/Pods-GroooSource.debug.xcconfig"; sourceTree = "<group>"; };
/* End PBXFileReference section */

/* Begin PBXFrameworksBuildPhase section */
		82AF89601E48400B00676D29 /* Frameworks */ = {
			isa = PBXFrameworksBuildPhase;
			buildActionMask = 2147483647;
			files = (
				E2954B97A1FCB5F571EBF9A5 /* libPods-GroooSource.a in Frameworks */,
			);
			runOnlyForDeploymentPostprocessing = 0;
		};
/* End PBXFrameworksBuildPhase section */

/* Begin PBXGroup section */
		0FAC21C90CA9C5E7B418804B /* Pods */ = {
			isa = PBXGroup;
			children = (
				D2038BDCB8836837AC626A84 /* Pods-GroooSource.debug.xcconfig */,
				A71905685320E5462FE3E37D /* Pods-GroooSource.release.xcconfig */,
			);
			name = Pods;
			sourceTree = "<group>";
		};
		823FE4531E4C91A2008E8CB0 /* CustomLibrary */ = {
			isa = PBXGroup;
			children = (
				823FE4541E4C91A2008E8CB0 /* MBProgressHUD */,
			);
			path = CustomLibrary;
			sourceTree = "<group>";
		};
		823FE4541E4C91A2008E8CB0 /* MBProgressHUD */ = {
			isa = PBXGroup;
			children = (
				9CB92AB81E5DB14A00650CC5 /* MBProgressHUD.h */,
				9CB92AB91E5DB14A00650CC5 /* MBProgressHUD.m */,
			);
			path = MBProgressHUD;
			sourceTree = "<group>";
		};
		82AF895A1E48400B00676D29 = {
			isa = PBXGroup;
			children = (
				82AF89651E48400B00676D29 /* GroooSource */,
				82AF89641E48400B00676D29 /* Products */,
				0FAC21C90CA9C5E7B418804B /* Pods */,
				A95C499E4B7623A2CA08FB37 /* Frameworks */,
			);
			sourceTree = "<group>";
		};
		82AF89641E48400B00676D29 /* Products */ = {
			isa = PBXGroup;
			children = (
				82AF89631E48400B00676D29 /* GroooSource.app */,
			);
			name = Products;
			sourceTree = "<group>";
		};
		82AF89651E48400B00676D29 /* GroooSource */ = {
			isa = PBXGroup;
			children = (
				82AF898C1E4842B300676D29 /* Foundation */,
				82AF898D1E4842B300676D29 /* Module */,
				82AF89841E4841E100676D29 /* Resource */,
				82AF897D1E48418800676D29 /* other */,
			);
			path = GroooSource;
			sourceTree = "<group>";
		};
		82AF897D1E48418800676D29 /* other */ = {
			isa = PBXGroup;
			children = (
				82AF897E1E48418800676D29 /* Info.plist */,
				82AF897F1E48418800676D29 /* main.m */,
				82AF89A41E485ACD00676D29 /* GRAPI.h */,
				9CB92AC11E61723B00650CC5 /* GRNotification.h */,
				9CAAF5701E6D6FA200730810 /* GRHeaders.pch */,
			);
			path = other;
			sourceTree = "<group>";
		};
		82AF89841E4841E100676D29 /* Resource */ = {
			isa = PBXGroup;
			children = (
				823FE4651E4D911E008E8CB0 /* Assets.xcassets */,
			);
			path = Resource;
			sourceTree = "<group>";
		};
		82AF898C1E4842B300676D29 /* Foundation */ = {
			isa = PBXGroup;
			children = (
				9CAAF5781E6E92C500730810 /* BaseView */,
				9CB92AC31E63C91800650CC5 /* GRRouter */,
				823FE4531E4C91A2008E8CB0 /* CustomLibrary */,
				82AF89D21E4B3E5100676D29 /* Category */,
				82AF89CE1E4B1DAC00676D29 /* BaseViewController */,
				82AF89AF1E49D9ED00676D29 /* Model */,
				82AF89A81E49753E00676D29 /* Network */,
			);
			path = Foundation;
			sourceTree = "<group>";
		};
		82AF898D1E4842B300676D29 /* Module */ = {
			isa = PBXGroup;
			children = (
				9CFF24C61E83B7C7004D92D7 /* Menu */,
				9CB9DF9C1E659CE400C8F5E8 /* Order */,
				82AF89C91E4B158A00676D29 /* Account */,
				82AF89BF1E4AEFC600676D29 /* Shop */,
				82AF898E1E4842B300676D29 /* App */,
			);
			path = Module;
			sourceTree = "<group>";
		};
		82AF898E1E4842B300676D29 /* App */ = {
			isa = PBXGroup;
			children = (
				82AF89951E48457F00676D29 /* GRAppDelegate.h */,
				82AF89961E48457F00676D29 /* GRAppDelegate.m */,
				9CB92AC71E63FC8000650CC5 /* GRTabBarViewController.h */,
				9CB92AC81E63FC8000650CC5 /* GRTabBarViewController.m */,
				82AF89BC1E4AE7BD00676D29 /* GRAppStyle.h */,
				82AF89BD1E4AE7BD00676D29 /* GRAppStyle.m */,
			);
			path = App;
			sourceTree = "<group>";
		};
		82AF89A81E49753E00676D29 /* Network */ = {
			isa = PBXGroup;
			children = (
				82AF89A91E49765300676D29 /* GRNetRequestObject.h */,
				82AF89AA1E49765300676D29 /* GRNetRequestObject.m */,
				82AF89AC1E498F6600676D29 /* GRHTTPManager.h */,
				82AF89AD1E498F6600676D29 /* GRHTTPManager.m */,
				9CB92ABE1E601EC000650CC5 /* GRCacheManager.h */,
				9CB92ABF1E601EC000650CC5 /* GRCacheManager.m */,
			);
			path = Network;
			sourceTree = "<group>";
		};
		82AF89AF1E49D9ED00676D29 /* Model */ = {
			isa = PBXGroup;
			children = (
				82AF89B01E49DA1600676D29 /* GRModel.h */,
				82AF89B11E49DA1600676D29 /* GRModel.m */,
				82AF89B31E4AC38200676D29 /* GRListTypeModel.h */,
				82AF89B41E4AC38200676D29 /* GRListTypeModel.m */,
			);
			path = Model;
			sourceTree = "<group>";
		};
		82AF89BF1E4AEFC600676D29 /* Shop */ = {
			isa = PBXGroup;
			children = (
				82AF89C11E4AEFC600676D29 /* Model */,
				82AF89C21E4AEFC600676D29 /* View */,
				82AF89C01E4AEFC600676D29 /* Controller */,
			);
			path = Shop;
			sourceTree = "<group>";
		};
		82AF89C01E4AEFC600676D29 /* Controller */ = {
			isa = PBXGroup;
			children = (
				9CB92ABB1E5F0FF800650CC5 /* GRShopListViewController.h */,
				9CB92ABC1E5F0FF800650CC5 /* GRShopListViewController.m */,
			);
			path = Controller;
			sourceTree = "<group>";
		};
		82AF89C11E4AEFC600676D29 /* Model */ = {
			isa = PBXGroup;
			children = (
				82AF89C31E4AF0C800676D29 /* GRShopList.h */,
				82AF89C41E4AF0C900676D29 /* GRShopList.m */,
				82AF89C61E4AF51C00676D29 /* GRShopListRequest.h */,
				82AF89C71E4AF51C00676D29 /* GRShopListRequest.m */,
				9C2748FF1EBDD9F10022ABCC /* GRSchoolNoticeRequest.h */,
				9C2749001EBDD9F10022ABCC /* GRSchoolNoticeRequest.m */,
			);
			path = Model;
			sourceTree = "<group>";
		};
		82AF89C21E4AEFC600676D29 /* View */ = {
			isa = PBXGroup;
			children = (
				9CB92AB31E5D67AD00650CC5 /* GRShopListCell.h */,
				9CB92AB41E5D67AD00650CC5 /* GRShopListCell.m */,
				9CB92AB51E5D67AD00650CC5 /* GRShopListCell.xib */,
				9C2748FA1EBDD3470022ABCC /* GRSchoolNoticeView.h */,
				9C2748FB1EBDD3470022ABCC /* GRSchoolNoticeView.m */,
			);
			path = View;
			sourceTree = "<group>";
		};
		82AF89C91E4B158A00676D29 /* Account */ = {
			isa = PBXGroup;
			children = (
				9CF50A1E1EB9DE4C00E05514 /* userInfo */,
				9C5384991E52D3F2004EDBCF /* UserManager */,
				82AF89CA1E4B158A00676D29 /* Login */,
				82AF89CD1E4B158A00676D29 /* Register */,
			);
			path = Account;
			sourceTree = "<group>";
		};
		82AF89CA1E4B158A00676D29 /* Login */ = {
			isa = PBXGroup;
			children = (
				82AF89CB1E4B158A00676D29 /* Controller */,
				82AF89CC1E4B158A00676D29 /* Model */,
			);
			path = Login;
			sourceTree = "<group>";
		};
		82AF89CB1E4B158A00676D29 /* Controller */ = {
			isa = PBXGroup;
			children = (
				823FE4671E4D9A1D008E8CB0 /* GRLoginViewController.h */,
				823FE4681E4D9A1D008E8CB0 /* GRLoginViewController.m */,
				823FE4691E4D9A1D008E8CB0 /* GRLoginViewController.xib */,
			);
			path = Controller;
			sourceTree = "<group>";
		};
		82AF89CC1E4B158A00676D29 /* Model */ = {
			isa = PBXGroup;
			children = (
				823FE46C1E4DC7E7008E8CB0 /* GRLoginResponse.h */,
				823FE46D1E4DC7E7008E8CB0 /* GRLoginResponse.m */,
				9C1507F31E515905007C2B8F /* GRLoginRequest.h */,
				9C1507F41E515905007C2B8F /* GRLoginRequest.m */,
			);
			path = Model;
			sourceTree = "<group>";
		};
		82AF89CD1E4B158A00676D29 /* Register */ = {
			isa = PBXGroup;
			children = (
				9C5384931E51D3F8004EDBCF /* Controller */,
				9C5384941E51D3F8004EDBCF /* Model */,
			);
			path = Register;
			sourceTree = "<group>";
		};
		82AF89CE1E4B1DAC00676D29 /* BaseViewController */ = {
			isa = PBXGroup;
			children = (
				82AF89CF1E4B2FA100676D29 /* GRViewController.h */,
				82AF89D01E4B2FA100676D29 /* GRViewController.m */,
				823FE45E1E4D6617008E8CB0 /* GRNavigationController.h */,
				823FE45F1E4D6617008E8CB0 /* GRNavigationController.m */,
				82AF89E01E4C542000676D29 /* GRWebViewController.h */,
				82AF89E11E4C542000676D29 /* GRWebViewController.m */,
				82AF89E21E4C542000676D29 /* GRWebViewController.xib */,
			);
			path = BaseViewController;
			sourceTree = "<group>";
		};
		82AF89D21E4B3E5100676D29 /* Category */ = {
			isa = PBXGroup;
			children = (
				9C5384981E52A47B004EDBCF /* GRMacro.h */,
				823FE4641E4D8CF4008E8CB0 /* GRCategory.h */,
				9C2C3FB01E97AB5B003E77E5 /* MBProgressHUD+GRShow.h */,
				9C2C3FB11E97AB5B003E77E5 /* MBProgressHUD+GRShow.m */,
				82AF89D31E4B3F5200676D29 /* NSString+GRCommen.h */,
				82AF89D41E4B3F5200676D29 /* NSString+GRCommen.m */,
				823FE4581E4C94FE008E8CB0 /* UIImage+GROperation.h */,
				823FE4591E4C94FE008E8CB0 /* UIImage+GROperation.m */,
				823FE4611E4D850F008E8CB0 /* UIView+GRShortcut.h */,
				823FE4621E4D850F008E8CB0 /* UIView+GRShortcut.m */,
				9CC838EC1EC0141D008CF79A /* UIView+GRClickable.h */,
				9CC838ED1EC0141D008CF79A /* UIView+GRClickable.m */,
				9CA98E421E9B2DF9008D603E /* UINavigationController+FDFullscreenPopGesture.h */,
				9CA98E431E9B2DF9008D603E /* UINavigationController+FDFullscreenPopGesture.m */,
			);
			path = Category;
			sourceTree = "<group>";
		};
		9C2749111EBED5CB0022ABCC /* GRFindMoreViewController */ = {
			isa = PBXGroup;
			children = (
				9C27490C1EBECFD60022ABCC /* GRFindMoreViewController.h */,
				9C27490D1EBECFD60022ABCC /* GRFindMoreViewController.m */,
				9C27490E1EBECFD60022ABCC /* GRFindMoreViewController.xib */,
				9C2749141EBED6730022ABCC /* GRJoinViewController.h */,
				9C2749151EBED6730022ABCC /* GRJoinViewController.m */,
				9C2749161EBED6730022ABCC /* GRJoinViewController.xib */,
				9CC838EF1EC0632E008CF79A /* GRTuhaoRankController.h */,
				9CC838F01EC0632E008CF79A /* GRTuhaoRankController.m */,
				9CC838F11EC0632E008CF79A /* GRTuhaoRankController.xib */,
			);
			name = GRFindMoreViewController;
			sourceTree = "<group>";
		};
		9C2749121EBED61D0022ABCC /* GRSettingViewController */ = {
			isa = PBXGroup;
			children = (
				9C2749021EBDEDB70022ABCC /* GRSettingViewController.h */,
				9C2749031EBDEDB70022ABCC /* GRSettingViewController.m */,
				9C2749041EBDEDB70022ABCC /* GRSettingViewController.xib */,
				9C2749071EBEAEB90022ABCC /* GRAppInfoViewController.h */,
				9C2749081EBEAEB90022ABCC /* GRAppInfoViewController.m */,
				9C2749091EBEAEB90022ABCC /* GRAppInfoViewController.xib */,
				9CC838DE1EBF221D008CF79A /* GRContactUsController.h */,
				9CC838DF1EBF221D008CF79A /* GRContactUsController.m */,
				9CC838E01EBF221D008CF79A /* GRContactUsController.xib */,
				9CC838E31EBF2C60008CF79A /* GRAutherInfoController.h */,
				9CC838E41EBF2C60008CF79A /* GRAutherInfoController.m */,
				9CC838E51EBF2C60008CF79A /* GRAutherInfoController.xib */,
				9CC838D91EBEF891008CF79A /* GRAboutGroooController.h */,
				9CC838DA1EBEF891008CF79A /* GRAboutGroooController.m */,
				9CC838DB1EBEF891008CF79A /* GRAboutGroooController.xib */,
			);
			name = GRSettingViewController;
			sourceTree = "<group>";
		};
		9C2749131EBED6330022ABCC /* GRChangePasswordController */ = {
			isa = PBXGroup;
			children = (
				9C2748F21EBD64620022ABCC /* GRChangePasswordController.h */,
				9C2748F31EBD64620022ABCC /* GRChangePasswordController.m */,
				9C2748F41EBD64620022ABCC /* GRChangePasswordController.xib */,
			);
			name = GRChangePasswordController;
			sourceTree = "<group>";
		};
		9C44D4521E8CEDBB00F85757 /* GRShopRatingCell */ = {
			isa = PBXGroup;
			children = (
				9C44D45F1E8CFBA000F85757 /* GRShopRatingLeftCell.h */,
				9C44D4601E8CFBA000F85757 /* GRShopRatingLeftCell.m */,
				9C44D4611E8CFBA000F85757 /* GRShopRatingLeftCell.xib */,
				9C44D4641E8CFD6300F85757 /* GRShopRatingRightCell.h */,
				9C44D4651E8CFD6300F85757 /* GRShopRatingRightCell.m */,
				9C44D4661E8CFD6300F85757 /* GRShopRatingRightCell.xib */,
			);
			name = GRShopRatingCell;
			sourceTree = "<group>";
		};
		9C44D4691E8F81CD00F85757 /* GRMenuMainViewCell */ = {
			isa = PBXGroup;
			children = (
				9C1BE93A1E8B8F37007F5733 /* GRMenuCategoryCell.h */,
				9C1BE93B1E8B8F37007F5733 /* GRMenuCategoryCell.m */,
				9C1BE93C1E8B8F37007F5733 /* GRMenuCategoryCell.xib */,
				9C1BE9421E8B923F007F5733 /* GRMenuDetailCell.h */,
				9C1BE9431E8B923F007F5733 /* GRMenuDetailCell.m */,
				9C1BE9441E8B923F007F5733 /* GRMenuDetailCell.xib */,
			);
			name = GRMenuMainViewCell;
			sourceTree = "<group>";
		};
		9C5384931E51D3F8004EDBCF /* Controller */ = {
			isa = PBXGroup;
			children = (
				9C1507EE1E5085F3007C2B8F /* GRRegisterViewController.h */,
				9C1507EF1E5085F3007C2B8F /* GRRegisterViewController.m */,
				9C1507F01E5085F3007C2B8F /* GRRegisterViewController.xib */,
			);
			path = Controller;
			sourceTree = "<group>";
		};
		9C5384941E51D3F8004EDBCF /* Model */ = {
			isa = PBXGroup;
			children = (
				9C5384951E51D4BC004EDBCF /* GRRegisterRequest.h */,
				9C5384961E51D4BC004EDBCF /* GRRegisterRequest.m */,
			);
			path = Model;
			sourceTree = "<group>";
		};
		9C5384991E52D3F2004EDBCF /* UserManager */ = {
			isa = PBXGroup;
			children = (
				9C53849D1E52F626004EDBCF /* GRUserManager.h */,
				9C53849E1E52F626004EDBCF /* GRUserManager.m */,
				9C5384A01E52F914004EDBCF /* GRUser.h */,
				9C5384A11E52F914004EDBCF /* GRUser.m */,
			);
			name = UserManager;
			path = GroooSource/Module/Account/UserManager;
			sourceTree = SOURCE_ROOT;
		};
		9CAAF5781E6E92C500730810 /* BaseView */ = {
			isa = PBXGroup;
			children = (
				9CAAF5791E6E92C500730810 /* GRSegmentView */,
			);
			name = BaseView;
			path = BaseViewController/BaseView;
			sourceTree = "<group>";
		};
		9CAAF5791E6E92C500730810 /* GRSegmentView */ = {
			isa = PBXGroup;
			children = (
				9CAAF57A1E6E930700730810 /* GRSegmentView.h */,
				9CAAF57B1E6E930700730810 /* GRSegmentView.m */,
				9CA98E451E9B539D008D603E /* GRScrollView.h */,
				9CA98E461E9B539D008D603E /* GRScrollView.m */,
				9CAAF5801E6ED1F700730810 /* GRSegmentHeadView.h */,
				9CAAF5811E6ED1F700730810 /* GRSegmentHeadView.m */,
			);
			path = GRSegmentView;
			sourceTree = "<group>";
		};
		9CB92AC31E63C91800650CC5 /* GRRouter */ = {
			isa = PBXGroup;
			children = (
				9CB92AC41E63F1A700650CC5 /* GRRouter.h */,
				9CB92AC51E63F1A700650CC5 /* GRRouter.m */,
			);
			path = GRRouter;
			sourceTree = "<group>";
		};
		9CB9DF9C1E659CE400C8F5E8 /* Order */ = {
			isa = PBXGroup;
			children = (
				9CB9DF9D1E659CE400C8F5E8 /* Controller */,
				9CB9DF9E1E659CE400C8F5E8 /* Model */,
				9CB9DF9F1E659CE400C8F5E8 /* View */,
			);
			name = Order;
			path = GroooSource/Module/Order;
			sourceTree = SOURCE_ROOT;
		};
		9CB9DF9D1E659CE400C8F5E8 /* Controller */ = {
			isa = PBXGroup;
			children = (
				9CAAF5831E6F048E00730810 /* GROrderListViewController.h */,
				9CAAF5841E6F048E00730810 /* GROrderListViewController.m */,
			);
			path = Controller;
			sourceTree = "<group>";
		};
		9CB9DF9E1E659CE400C8F5E8 /* Model */ = {
			isa = PBXGroup;
			children = (
				9CB9DFA01E659D7000C8F5E8 /* GROrderList.h */,
				9CB9DFA11E659D7000C8F5E8 /* GROrderList.m */,
				9CB9DFA31E65A9F800C8F5E8 /* GROrderListRequest.h */,
				9CB9DFA41E65A9F800C8F5E8 /* GROrderListRequest.m */,
				9CAAF5711E6E808900730810 /* GROrderStatusEnum.h */,
				9CAAF5721E6E83C600730810 /* GROrderStatusLabel.h */,
				9CAAF5731E6E83C600730810 /* GROrderStatusLabel.m */,
				9CAAF5751E6E8A0800730810 /* GROperateOrderBtn.h */,
				9CAAF5761E6E8A0800730810 /* GROperateOrderBtn.m */,
			);
			path = Model;
			sourceTree = "<group>";
		};
		9CB9DF9F1E659CE400C8F5E8 /* View */ = {
			isa = PBXGroup;
			children = (
				9CAAF5671E6D0E8B00730810 /* GROrderListCell.h */,
				9CAAF5681E6D0E8B00730810 /* GROrderListCell.m */,
				9CAAF5691E6D0E8B00730810 /* GROrderListCell.xib */,
				9CAAF57D1E6E9E4B00730810 /* GROrderListTable.h */,
				9CAAF57E1E6E9E4B00730810 /* GROrderListTable.m */,
			);
			path = View;
			sourceTree = "<group>";
		};
		9CC838F41EC063B5008CF79A /* View */ = {
			isa = PBXGroup;
			children = (
				9CC838F51EC0641C008CF79A /* GRTuhaoRankTableCell.h */,
				9CC838F61EC0641C008CF79A /* GRTuhaoRankTableCell.m */,
				9CC838F71EC0641C008CF79A /* GRTuhaoRankTableCell.xib */,
			);
			path = View;
			sourceTree = "<group>";
		};
		9CCC22C51E950E9A0029B0EB /* GRCashierdeskView */ = {
			isa = PBXGroup;
			children = (
				9C44D46A1E8F82F600F85757 /* GRCashierdeskView.h */,
				9C44D46B1E8F82F600F85757 /* GRCashierdeskView.m */,
				9CCC22C61E950EE60029B0EB /* GRCashierdeskCell.h */,
				9CCC22C71E950EE60029B0EB /* GRCashierdeskCell.m */,
				9CCC22C81E950EE60029B0EB /* GRCashierdeskCell.xib */,
			);
			name = GRCashierdeskView;
			sourceTree = "<group>";
		};
		9CF50A1E1EB9DE4C00E05514 /* userInfo */ = {
			isa = PBXGroup;
			children = (
				9CC838F41EC063B5008CF79A /* View */,
				9CF50A1F1EB9E20F00E05514 /* Mdoel */,
				9CF50A201EB9E20F00E05514 /* Controller */,
			);
			path = userInfo;
			sourceTree = "<group>";
		};
		9CF50A1F1EB9E20F00E05514 /* Mdoel */ = {
			isa = PBXGroup;
			children = (
				9C2CC6921EBC0C80001E2F31 /* GRUserInfoData.h */,
				9C2CC6931EBC0C80001E2F31 /* GRUserInfoData.m */,
				9C2CC6951EBC1375001E2F31 /* GRUserInfoRequest.h */,
				9C2CC6961EBC1375001E2F31 /* GRUserInfoRequest.m */,
				9C2748F71EBD7C7A0022ABCC /* GRChangePasswordRequest.h */,
				9C2748F81EBD7C7A0022ABCC /* GRChangePasswordRequest.m */,
				9CC838FA1EC07144008CF79A /* GRTuhaoRankList.h */,
				9CC838FB1EC07144008CF79A /* GRTuhaoRankList.m */,
				9CC838FD1EC07206008CF79A /* GRRankListRequest.h */,
				9CC838FE1EC07206008CF79A /* GRRankListRequest.m */,
			);
			path = Mdoel;
			sourceTree = "<group>";
		};
		9CF50A201EB9E20F00E05514 /* Controller */ = {
			isa = PBXGroup;
			children = (
				9CF50A211EB9E24300E05514 /* GRUserInfoController.h */,
				9CF50A221EB9E24300E05514 /* GRUserInfoController.m */,
				9CF50A231EB9E24300E05514 /* GRUserInfoController.xib */,
				9C2749131EBED6330022ABCC /* GRChangePasswordController */,
				9C2749111EBED5CB0022ABCC /* GRFindMoreViewController */,
				9C2749121EBED61D0022ABCC /* GRSettingViewController */,
			);
			path = Controller;
			sourceTree = "<group>";
		};
		9CFF24C61E83B7C7004D92D7 /* Menu */ = {
			isa = PBXGroup;
			children = (
				9CFF24C71E83B7C7004D92D7 /* Controller */,
				9CFF24C81E83B7C7004D92D7 /* Model */,
				9CFF24C91E83B7C7004D92D7 /* View */,
			);
			path = Menu;
			sourceTree = "<group>";
		};
		9CFF24C71E83B7C7004D92D7 /* Controller */ = {
			isa = PBXGroup;
			children = (
				9C8CF6CF1E83CC350030F54E /* GRMenuViewController.h */,
				9C8CF6D01E83CC350030F54E /* GRMenuViewController.m */,
			);
			path = Controller;
			sourceTree = "<group>";
		};
		9CFF24C81E83B7C7004D92D7 /* Model */ = {
			isa = PBXGroup;
			children = (
				9CFF24D21E83BE0C004D92D7 /* GRMenuList.h */,
				9CFF24D31E83BE0C004D92D7 /* GRMenuList.m */,
				9C8CF6CC1E83C5DE0030F54E /* GRMenuListRequest.h */,
				9C8CF6CD1E83C5DE0030F54E /* GRMenuListRequest.m */,
				9C44D44A1E8CAD3300F85757 /* GRShopRatingList.h */,
				9C44D44B1E8CAD3300F85757 /* GRShopRatingList.m */,
				9C44D4471E8CAC3100F85757 /* GRShopRatingListRequest.h */,
				9C44D4481E8CAC3100F85757 /* GRShopRatingListRequest.m */,
				9C2C3FAD1E978CCA003E77E5 /* GRPlaceOrderRequest.h */,
				9C2C3FAE1E978CCA003E77E5 /* GRPlaceOrderRequest.m */,
			);
			path = Model;
			sourceTree = "<group>";
		};
		9CFF24C91E83B7C7004D92D7 /* View */ = {
			isa = PBXGroup;
			children = (
				9C8CF6D21E83D1AC0030F54E /* GRMenuHeadView.h */,
				9C8CF6D31E83D1AC0030F54E /* GRMenuHeadView.m */,
				9C1BE93D1E8B8F37007F5733 /* GRMenuMainView.h */,
				9C1BE93E1E8B8F37007F5733 /* GRMenuMainView.m */,
				9C44D4441E8CAA2900F85757 /* GRShopRatingTable.h */,
				9C44D4451E8CAA2900F85757 /* GRShopRatingTable.m */,
				9CCC22C51E950E9A0029B0EB /* GRCashierdeskView */,
				9C44D4691E8F81CD00F85757 /* GRMenuMainViewCell */,
				9C44D4521E8CEDBB00F85757 /* GRShopRatingCell */,
			);
			path = View;
			sourceTree = "<group>";
		};
		A95C499E4B7623A2CA08FB37 /* Frameworks */ = {
			isa = PBXGroup;
			children = (
				07E584F6C8F6FD08D02E5B18 /* libPods-GroooSource.a */,
			);
			name = Frameworks;
			sourceTree = "<group>";
		};
/* End PBXGroup section */

/* Begin PBXNativeTarget section */
		82AF89621E48400B00676D29 /* GroooSource */ = {
			isa = PBXNativeTarget;
			buildConfigurationList = 82AF897A1E48400B00676D29 /* Build configuration list for PBXNativeTarget "GroooSource" */;
			buildPhases = (
				86ADE7830597C8D83C84342D /* [CP] Check Pods Manifest.lock */,
				82AF895F1E48400B00676D29 /* Sources */,
				82AF89601E48400B00676D29 /* Frameworks */,
				82AF89611E48400B00676D29 /* Resources */,
				A841DAE4428FEB0CC8B089E9 /* [CP] Embed Pods Frameworks */,
				2D42E2E269FD2DC88CD0E06A /* [CP] Copy Pods Resources */,
			);
			buildRules = (
			);
			dependencies = (
			);
			name = GroooSource;
			productName = GroooSource;
			productReference = 82AF89631E48400B00676D29 /* GroooSource.app */;
			productType = "com.apple.product-type.application";
		};
/* End PBXNativeTarget section */

/* Begin PBXProject section */
		82AF895B1E48400B00676D29 /* Project object */ = {
			isa = PBXProject;
			attributes = {
				LastUpgradeCheck = 0820;
				ORGANIZATIONNAME = Assuner;
				TargetAttributes = {
					82AF89621E48400B00676D29 = {
						CreatedOnToolsVersion = 8.2.1;
						DevelopmentTeam = 9SR35Y6UHD;
						ProvisioningStyle = Automatic;
					};
				};
			};
			buildConfigurationList = 82AF895E1E48400B00676D29 /* Build configuration list for PBXProject "GroooSource" */;
			compatibilityVersion = "Xcode 3.2";
			developmentRegion = English;
			hasScannedForEncodings = 0;
			knownRegions = (
				en,
				Base,
			);
			mainGroup = 82AF895A1E48400B00676D29;
			productRefGroup = 82AF89641E48400B00676D29 /* Products */;
			projectDirPath = "";
			projectRoot = "";
			targets = (
				82AF89621E48400B00676D29 /* GroooSource */,
			);
		};
/* End PBXProject section */

/* Begin PBXResourcesBuildPhase section */
		82AF89611E48400B00676D29 /* Resources */ = {
			isa = PBXResourcesBuildPhase;
			buildActionMask = 2147483647;
			files = (
				9CCC22CA1E950EE60029B0EB /* GRCashierdeskCell.xib in Resources */,
				9CC838DD1EBEF891008CF79A /* GRAboutGroooController.xib in Resources */,
				9CB92AB71E5D67AD00650CC5 /* GRShopListCell.xib in Resources */,
				9CC838F91EC0641C008CF79A /* GRTuhaoRankTableCell.xib in Resources */,
				9C2749061EBDEDB70022ABCC /* GRSettingViewController.xib in Resources */,
				9C2749181EBED6730022ABCC /* GRJoinViewController.xib in Resources */,
				9C1BE9401E8B8F37007F5733 /* GRMenuCategoryCell.xib in Resources */,
				823FE4661E4D911E008E8CB0 /* Assets.xcassets in Resources */,
				82AF89E41E4C542000676D29 /* GRWebViewController.xib in Resources */,
				9CC838E21EBF221D008CF79A /* GRContactUsController.xib in Resources */,
				9CF50A251EB9E24300E05514 /* GRUserInfoController.xib in Resources */,
				9C44D4631E8CFBA000F85757 /* GRShopRatingLeftCell.xib in Resources */,
				9C1507F21E5085F3007C2B8F /* GRRegisterViewController.xib in Resources */,
				9C2749101EBECFD60022ABCC /* GRFindMoreViewController.xib in Resources */,
				9C2748F61EBD64620022ABCC /* GRChangePasswordController.xib in Resources */,
				823FE46B1E4D9A1D008E8CB0 /* GRLoginViewController.xib in Resources */,
				9C44D4681E8CFD6300F85757 /* GRShopRatingRightCell.xib in Resources */,
				9C1BE9461E8B923F007F5733 /* GRMenuDetailCell.xib in Resources */,
				9CC838E71EBF2C60008CF79A /* GRAutherInfoController.xib in Resources */,
				9C27490B1EBEAEB90022ABCC /* GRAppInfoViewController.xib in Resources */,
				9CAAF56B1E6D0E8B00730810 /* GROrderListCell.xib in Resources */,
				9CC838F31EC0632E008CF79A /* GRTuhaoRankController.xib in Resources */,
			);
			runOnlyForDeploymentPostprocessing = 0;
		};
/* End PBXResourcesBuildPhase section */

/* Begin PBXShellScriptBuildPhase section */
		2D42E2E269FD2DC88CD0E06A /* [CP] Copy Pods Resources */ = {
			isa = PBXShellScriptBuildPhase;
			buildActionMask = 2147483647;
			files = (
			);
			inputPaths = (
			);
			name = "[CP] Copy Pods Resources";
			outputPaths = (
			);
			runOnlyForDeploymentPostprocessing = 0;
			shellPath = /bin/sh;
			shellScript = "\"${SRCROOT}/Pods/Target Support Files/Pods-GroooSource/Pods-GroooSource-resources.sh\"\n";
			showEnvVarsInLog = 0;
		};
		86ADE7830597C8D83C84342D /* [CP] Check Pods Manifest.lock */ = {
			isa = PBXShellScriptBuildPhase;
			buildActionMask = 2147483647;
			files = (
			);
			inputPaths = (
			);
			name = "[CP] Check Pods Manifest.lock";
			outputPaths = (
			);
			runOnlyForDeploymentPostprocessing = 0;
			shellPath = /bin/sh;
			shellScript = "diff \"${PODS_PODFILE_DIR_PATH}/Podfile.lock\" \"${PODS_ROOT}/Manifest.lock\" > /dev/null\nif [ $? != 0 ] ; then\n    # print error to STDERR\n    echo \"error: The sandbox is not in sync with the Podfile.lock. Run 'pod install' or update your CocoaPods installation.\" >&2\n    exit 1\nfi\n";
			showEnvVarsInLog = 0;
		};
		A841DAE4428FEB0CC8B089E9 /* [CP] Embed Pods Frameworks */ = {
			isa = PBXShellScriptBuildPhase;
			buildActionMask = 2147483647;
			files = (
			);
			inputPaths = (
			);
			name = "[CP] Embed Pods Frameworks";
			outputPaths = (
			);
			runOnlyForDeploymentPostprocessing = 0;
			shellPath = /bin/sh;
			shellScript = "\"${SRCROOT}/Pods/Target Support Files/Pods-GroooSource/Pods-GroooSource-frameworks.sh\"\n";
			showEnvVarsInLog = 0;
		};
/* End PBXShellScriptBuildPhase section */

/* Begin PBXSourcesBuildPhase section */
		82AF895F1E48400B00676D29 /* Sources */ = {
			isa = PBXSourcesBuildPhase;
			buildActionMask = 2147483647;
			files = (
				9CB92ABD1E5F0FF800650CC5 /* GRShopListViewController.m in Sources */,
				9CFF24D41E83BE0C004D92D7 /* GRMenuList.m in Sources */,
				9CAAF57C1E6E930700730810 /* GRSegmentView.m in Sources */,
				9C2CC6971EBC1375001E2F31 /* GRUserInfoRequest.m in Sources */,
				9CC838FF1EC07206008CF79A /* GRRankListRequest.m in Sources */,
				9CAAF5851E6F048E00730810 /* GROrderListViewController.m in Sources */,
				9CB9DFA51E65A9F800C8F5E8 /* GROrderListRequest.m in Sources */,
				9C1507F11E5085F3007C2B8F /* GRRegisterViewController.m in Sources */,
				9C2749171EBED6730022ABCC /* GRJoinViewController.m in Sources */,
				9C2748FC1EBDD3470022ABCC /* GRSchoolNoticeView.m in Sources */,
				9C44D4461E8CAA2900F85757 /* GRShopRatingTable.m in Sources */,
				823FE45A1E4C94FE008E8CB0 /* UIImage+GROperation.m in Sources */,
				82AF89BE1E4AE7BD00676D29 /* GRAppStyle.m in Sources */,
				82AF89AB1E49765300676D29 /* GRNetRequestObject.m in Sources */,
				82AF89B21E49DA1600676D29 /* GRModel.m in Sources */,
				82AF89C81E4AF51C00676D29 /* GRShopListRequest.m in Sources */,
				9C2749011EBDD9F10022ABCC /* GRSchoolNoticeRequest.m in Sources */,
				9C44D4671E8CFD6300F85757 /* GRShopRatingRightCell.m in Sources */,
				82AF89B51E4AC38200676D29 /* GRListTypeModel.m in Sources */,
				9C8CF6D41E83D1AC0030F54E /* GRMenuHeadView.m in Sources */,
				9C44D4621E8CFBA000F85757 /* GRShopRatingLeftCell.m in Sources */,
				9CB92ABA1E5DB14A00650CC5 /* MBProgressHUD.m in Sources */,
				9CC838F21EC0632E008CF79A /* GRTuhaoRankController.m in Sources */,
				9CAAF5771E6E8A0800730810 /* GROperateOrderBtn.m in Sources */,
				9C8CF6D11E83CC350030F54E /* GRMenuViewController.m in Sources */,
				823FE46A1E4D9A1D008E8CB0 /* GRLoginViewController.m in Sources */,
				9C1BE93F1E8B8F37007F5733 /* GRMenuCategoryCell.m in Sources */,
				823FE4601E4D6617008E8CB0 /* GRNavigationController.m in Sources */,
				9C1BE9411E8B8F37007F5733 /* GRMenuMainView.m in Sources */,
				9C2C3FAF1E978CCA003E77E5 /* GRPlaceOrderRequest.m in Sources */,
				9CC838E61EBF2C60008CF79A /* GRAutherInfoController.m in Sources */,
				9C5384971E51D4BC004EDBCF /* GRRegisterRequest.m in Sources */,
				9CAAF56A1E6D0E8B00730810 /* GROrderListCell.m in Sources */,
				9CB92AB61E5D67AD00650CC5 /* GRShopListCell.m in Sources */,
				823FE4631E4D850F008E8CB0 /* UIView+GRShortcut.m in Sources */,
				9CC838E11EBF221D008CF79A /* GRContactUsController.m in Sources */,
				9C1507F51E515905007C2B8F /* GRLoginRequest.m in Sources */,
				82AF89D51E4B3F5200676D29 /* NSString+GRCommen.m in Sources */,
				9CA98E441E9B2DF9008D603E /* UINavigationController+FDFullscreenPopGesture.m in Sources */,
				9C8CF6CE1E83C5DE0030F54E /* GRMenuListRequest.m in Sources */,
				9CC838F81EC0641C008CF79A /* GRTuhaoRankTableCell.m in Sources */,
				82AF89E31E4C542000676D29 /* GRWebViewController.m in Sources */,
				9CAAF57F1E6E9E4B00730810 /* GROrderListTable.m in Sources */,
				9CC838EE1EC0141D008CF79A /* UIView+GRClickable.m in Sources */,
				9C2748F91EBD7C7A0022ABCC /* GRChangePasswordRequest.m in Sources */,
				9CB92AC61E63F1A700650CC5 /* GRRouter.m in Sources */,
				82AF89811E48418800676D29 /* main.m in Sources */,
				9C53849F1E52F626004EDBCF /* GRUserManager.m in Sources */,
				9C44D4491E8CAC3100F85757 /* GRShopRatingListRequest.m in Sources */,
				9CB9DFA21E659D7000C8F5E8 /* GROrderList.m in Sources */,
				9CAAF5741E6E83C600730810 /* GROrderStatusLabel.m in Sources */,
				9C2C3FB21E97AB5B003E77E5 /* MBProgressHUD+GRShow.m in Sources */,
				9C44D46C1E8F82F600F85757 /* GRCashierdeskView.m in Sources */,
				9CCC22C91E950EE60029B0EB /* GRCashierdeskCell.m in Sources */,
				9CAAF5821E6ED1F700730810 /* GRSegmentHeadView.m in Sources */,
				9C5384A21E52F914004EDBCF /* GRUser.m in Sources */,
				9C44D44C1E8CAD3300F85757 /* GRShopRatingList.m in Sources */,
				82AF89AE1E498F6600676D29 /* GRHTTPManager.m in Sources */,
				9C27490F1EBECFD60022ABCC /* GRFindMoreViewController.m in Sources */,
				9CA98E471E9B539D008D603E /* GRScrollView.m in Sources */,
				82AF89D11E4B2FA100676D29 /* GRViewController.m in Sources */,
				9C2748F51EBD64620022ABCC /* GRChangePasswordController.m in Sources */,
				9CF50A241EB9E24300E05514 /* GRUserInfoController.m in Sources */,
				9C1BE9451E8B923F007F5733 /* GRMenuDetailCell.m in Sources */,
				9CB92AC91E63FC8000650CC5 /* GRTabBarViewController.m in Sources */,
				9C27490A1EBEAEB90022ABCC /* GRAppInfoViewController.m in Sources */,
				82AF89C51E4AF0C900676D29 /* GRShopList.m in Sources */,
				9C2CC6941EBC0C80001E2F31 /* GRUserInfoData.m in Sources */,
				82AF89971E48457F00676D29 /* GRAppDelegate.m in Sources */,
				823FE46E1E4DC7E7008E8CB0 /* GRLoginResponse.m in Sources */,
				9CB92AC01E601EC000650CC5 /* GRCacheManager.m in Sources */,
				9C2749051EBDEDB70022ABCC /* GRSettingViewController.m in Sources */,
				9CC838FC1EC07144008CF79A /* GRTuhaoRankList.m in Sources */,
				9CC838DC1EBEF891008CF79A /* GRAboutGroooController.m in Sources */,
			);
			runOnlyForDeploymentPostprocessing = 0;
		};
/* End PBXSourcesBuildPhase section */

/* Begin XCBuildConfiguration section */
		82AF89781E48400B00676D29 /* Debug */ = {
			isa = XCBuildConfiguration;
			buildSettings = {
				ALWAYS_SEARCH_USER_PATHS = NO;
				CLANG_ANALYZER_NONNULL = YES;
				CLANG_CXX_LANGUAGE_STANDARD = "gnu++0x";
				CLANG_CXX_LIBRARY = "libc++";
				CLANG_ENABLE_MODULES = YES;
				CLANG_ENABLE_OBJC_ARC = YES;
				CLANG_WARN_BOOL_CONVERSION = YES;
				CLANG_WARN_CONSTANT_CONVERSION = YES;
				CLANG_WARN_DIRECT_OBJC_ISA_USAGE = YES_ERROR;
				CLANG_WARN_DOCUMENTATION_COMMENTS = YES;
				CLANG_WARN_EMPTY_BODY = YES;
				CLANG_WARN_ENUM_CONVERSION = YES;
				CLANG_WARN_INFINITE_RECURSION = YES;
				CLANG_WARN_INT_CONVERSION = YES;
				CLANG_WARN_OBJC_ROOT_CLASS = YES_ERROR;
				CLANG_WARN_SUSPICIOUS_MOVE = YES;
				CLANG_WARN_UNREACHABLE_CODE = YES;
				CLANG_WARN__DUPLICATE_METHOD_MATCH = YES;
				"CODE_SIGN_IDENTITY[sdk=iphoneos*]" = "iPhone Developer";
				COPY_PHASE_STRIP = NO;
				DEBUG_INFORMATION_FORMAT = dwarf;
				ENABLE_STRICT_OBJC_MSGSEND = YES;
				ENABLE_TESTABILITY = YES;
				GCC_C_LANGUAGE_STANDARD = gnu99;
				GCC_DYNAMIC_NO_PIC = NO;
				GCC_NO_COMMON_BLOCKS = YES;
				GCC_OPTIMIZATION_LEVEL = 0;
				GCC_PREPROCESSOR_DEFINITIONS = (
					"DEBUG=1",
					"$(inherited)",
				);
				GCC_WARN_64_TO_32_BIT_CONVERSION = YES;
				GCC_WARN_ABOUT_RETURN_TYPE = YES_ERROR;
				GCC_WARN_UNDECLARED_SELECTOR = YES;
				GCC_WARN_UNINITIALIZED_AUTOS = YES_AGGRESSIVE;
				GCC_WARN_UNUSED_FUNCTION = YES;
				GCC_WARN_UNUSED_VARIABLE = YES;
				IPHONEOS_DEPLOYMENT_TARGET = 10.2;
				MTL_ENABLE_DEBUG_INFO = YES;
				ONLY_ACTIVE_ARCH = YES;
				SDKROOT = iphoneos;
				TARGETED_DEVICE_FAMILY = "1,2";
			};
			name = Debug;
		};
		82AF89791E48400B00676D29 /* Release */ = {
			isa = XCBuildConfiguration;
			buildSettings = {
				ALWAYS_SEARCH_USER_PATHS = NO;
				CLANG_ANALYZER_NONNULL = YES;
				CLANG_CXX_LANGUAGE_STANDARD = "gnu++0x";
				CLANG_CXX_LIBRARY = "libc++";
				CLANG_ENABLE_MODULES = YES;
				CLANG_ENABLE_OBJC_ARC = YES;
				CLANG_WARN_BOOL_CONVERSION = YES;
				CLANG_WARN_CONSTANT_CONVERSION = YES;
				CLANG_WARN_DIRECT_OBJC_ISA_USAGE = YES_ERROR;
				CLANG_WARN_DOCUMENTATION_COMMENTS = YES;
				CLANG_WARN_EMPTY_BODY = YES;
				CLANG_WARN_ENUM_CONVERSION = YES;
				CLANG_WARN_INFINITE_RECURSION = YES;
				CLANG_WARN_INT_CONVERSION = YES;
				CLANG_WARN_OBJC_ROOT_CLASS = YES_ERROR;
				CLANG_WARN_SUSPICIOUS_MOVE = YES;
				CLANG_WARN_UNREACHABLE_CODE = YES;
				CLANG_WARN__DUPLICATE_METHOD_MATCH = YES;
				"CODE_SIGN_IDENTITY[sdk=iphoneos*]" = "iPhone Developer";
				COPY_PHASE_STRIP = NO;
				DEBUG_INFORMATION_FORMAT = "dwarf-with-dsym";
				ENABLE_NS_ASSERTIONS = NO;
				ENABLE_STRICT_OBJC_MSGSEND = YES;
				GCC_C_LANGUAGE_STANDARD = gnu99;
				GCC_NO_COMMON_BLOCKS = YES;
				GCC_WARN_64_TO_32_BIT_CONVERSION = YES;
				GCC_WARN_ABOUT_RETURN_TYPE = YES_ERROR;
				GCC_WARN_UNDECLARED_SELECTOR = YES;
				GCC_WARN_UNINITIALIZED_AUTOS = YES_AGGRESSIVE;
				GCC_WARN_UNUSED_FUNCTION = YES;
				GCC_WARN_UNUSED_VARIABLE = YES;
				IPHONEOS_DEPLOYMENT_TARGET = 10.2;
				MTL_ENABLE_DEBUG_INFO = NO;
				SDKROOT = iphoneos;
				TARGETED_DEVICE_FAMILY = "1,2";
				VALIDATE_PRODUCT = YES;
			};
			name = Release;
		};
		82AF897B1E48400B00676D29 /* Debug */ = {
			isa = XCBuildConfiguration;
			baseConfigurationReference = D2038BDCB8836837AC626A84 /* Pods-GroooSource.debug.xcconfig */;
			buildSettings = {
				ASSETCATALOG_COMPILER_APPICON_NAME = AppIcon;
				ASSETCATALOG_COMPILER_LAUNCHIMAGE_NAME = LaunchImage;
				"CODE_SIGN_IDENTITY[sdk=iphoneos*]" = "iPhone Developer";
				DEVELOPMENT_TEAM = 9SR35Y6UHD;
				GCC_INCREASE_PRECOMPILED_HEADER_SHARING = NO;
				GCC_PRECOMPILE_PREFIX_HEADER = YES;
				GCC_PREFIX_HEADER = "$(SRCROOT)/GroooSource/other/GRHeaders.pch";
				INFOPLIST_FILE = "$(SRCROOT)/GroooSource/other/Info.plist";
				LD_RUNPATH_SEARCH_PATHS = "$(inherited) @executable_path/Frameworks";
				PRODUCT_BUNDLE_IDENTIFIER = Grooo.GroooSource;
				PRODUCT_NAME = "$(TARGET_NAME)";
				PROVISIONING_PROFILE_SPECIFIER = "";
				TARGETED_DEVICE_FAMILY = 1;
			};
			name = Debug;
		};
		82AF897C1E48400B00676D29 /* Release */ = {
			isa = XCBuildConfiguration;
			baseConfigurationReference = A71905685320E5462FE3E37D /* Pods-GroooSource.release.xcconfig */;
			buildSettings = {
				ASSETCATALOG_COMPILER_APPICON_NAME = AppIcon;
				ASSETCATALOG_COMPILER_LAUNCHIMAGE_NAME = LaunchImage;
				"CODE_SIGN_IDENTITY[sdk=iphoneos*]" = "iPhone Developer";
				DEVELOPMENT_TEAM = 9SR35Y6UHD;
				GCC_INCREASE_PRECOMPILED_HEADER_SHARING = NO;
				GCC_PRECOMPILE_PREFIX_HEADER = YES;
				GCC_PREFIX_HEADER = "$(SRCROOT)/GroooSource/other/GRHeaders.pch";
				INFOPLIST_FILE = "$(SRCROOT)/GroooSource/other/Info.plist";
				LD_RUNPATH_SEARCH_PATHS = "$(inherited) @executable_path/Frameworks";
				PRODUCT_BUNDLE_IDENTIFIER = Grooo.GroooSource;
				PRODUCT_NAME = "$(TARGET_NAME)";
				PROVISIONING_PROFILE_SPECIFIER = "";
				TARGETED_DEVICE_FAMILY = 1;
			};
			name = Release;
		};
/* End XCBuildConfiguration section */

/* Begin XCConfigurationList section */
		82AF895E1E48400B00676D29 /* Build configuration list for PBXProject "GroooSource" */ = {
			isa = XCConfigurationList;
			buildConfigurations = (
				82AF89781E48400B00676D29 /* Debug */,
				82AF89791E48400B00676D29 /* Release */,
			);
			defaultConfigurationIsVisible = 0;
			defaultConfigurationName = Release;
		};
		82AF897A1E48400B00676D29 /* Build configuration list for PBXNativeTarget "GroooSource" */ = {
			isa = XCConfigurationList;
			buildConfigurations = (
				82AF897B1E48400B00676D29 /* Debug */,
				82AF897C1E48400B00676D29 /* Release */,
			);
			defaultConfigurationIsVisible = 0;
			defaultConfigurationName = Release;
		};
/* End XCConfigurationList section */
	};
	rootObject = 82AF895B1E48400B00676D29 /* Project object */;
}
